// !$*UTF8*$!
{
	archiveVersion = 1;
	classes = {
	};
	objectVersion = 48;
	objects = {

/* Begin PBXBuildFile section */
		451DFBD81F98101500F501EB /* LICENSE in Resources */ = {isa = PBXBuildFile; fileRef = 451DFBD71F98101500F501EB /* LICENSE */; };
		451DFBDB1F9810FD00F501EB /* SwiftyJSON_LICENSE in Resources */ = {isa = PBXBuildFile; fileRef = 451DFBDA1F9810FD00F501EB /* SwiftyJSON_LICENSE */; };
		451DFBDD1F98111300F501EB /* TraktKit_LICENSE in Resources */ = {isa = PBXBuildFile; fileRef = 451DFBDC1F98111300F501EB /* TraktKit_LICENSE */; };
		4522CA5E1F9A68F7003E9153 /* TMDBKitMac.framework in Frameworks */ = {isa = PBXBuildFile; fileRef = 4522CA551F9A68F6003E9153 /* TMDBKitMac.framework */; };
		4522CA631F9A68F7003E9153 /* TMDBKitMacTests.swift in Sources */ = {isa = PBXBuildFile; fileRef = 4522CA621F9A68F7003E9153 /* TMDBKitMacTests.swift */; };
		4522CA651F9A68F7003E9153 /* TMDBKitMac.h in Headers */ = {isa = PBXBuildFile; fileRef = 4522CA571F9A68F6003E9153 /* TMDBKitMac.h */; settings = {ATTRIBUTES = (Public, ); }; };
		4522CA6C1F9A6923003E9153 /* KeyChainManager.swift in Sources */ = {isa = PBXBuildFile; fileRef = 459E5C201F9649FF00AB28DE /* KeyChainManager.swift */; };
		4522CA6D1F9A6923003E9153 /* SwiftyJSON.swift in Sources */ = {isa = PBXBuildFile; fileRef = 459E5C281F96570600AB28DE /* SwiftyJSON.swift */; };
		4522CA6E1F9A6927003E9153 /* ReturnTypes.swift in Sources */ = {isa = PBXBuildFile; fileRef = 459E5C2A1F96647700AB28DE /* ReturnTypes.swift */; };
		4522CA6F1F9A6927003E9153 /* TMDBManager.swift in Sources */ = {isa = PBXBuildFile; fileRef = 459E5C1E1F96499200AB28DE /* TMDBManager.swift */; };
		4522CA701F9A692B003E9153 /* String+.swift in Sources */ = {isa = PBXBuildFile; fileRef = 459E5C261F96541800AB28DE /* String+.swift */; };
		4522CA711F9A692F003E9153 /* TMDBCertification.swift in Sources */ = {isa = PBXBuildFile; fileRef = 45AECDCE1F9803EA008BE58F /* TMDBCertification.swift */; };
		4522CA721F9A692F003E9153 /* TMDBChangesListItem.swift in Sources */ = {isa = PBXBuildFile; fileRef = 4524D2A61F9819630037D7E1 /* TMDBChangesListItem.swift */; };
		4522CA731F9A692F003E9153 /* TMDBCollection.swift in Sources */ = {isa = PBXBuildFile; fileRef = 45D254DE1F98430000155882 /* TMDBCollection.swift */; };
		4522CA741F9A692F003E9153 /* TMDBCompany.swift in Sources */ = {isa = PBXBuildFile; fileRef = 45D254E41F989FD700155882 /* TMDBCompany.swift */; };
		4522CA751F9A692F003E9153 /* TMDBDiscoverOption.swift in Sources */ = {isa = PBXBuildFile; fileRef = 4522CA451F9A0618003E9153 /* TMDBDiscoverOption.swift */; };
		4522CA761F9A692F003E9153 /* TMDBFindResult.swift in Sources */ = {isa = PBXBuildFile; fileRef = 4522CA4A1F9A24DE003E9153 /* TMDBFindResult.swift */; };
		4522CA781F9A692F003E9153 /* TMDBList.swift in Sources */ = {isa = PBXBuildFile; fileRef = 450D94671F96AD49005E2227 /* TMDBList.swift */; };
		4522CA791F9A692F003E9153 /* TMDBMediaObject.swift in Sources */ = {isa = PBXBuildFile; fileRef = 450D946B1F96BEAF005E2227 /* TMDBMediaObject.swift */; };
		4522CA7A1F9A692F003E9153 /* TMDBMovieGeneral.swift in Sources */ = {isa = PBXBuildFile; fileRef = 450D94691F96B3C8005E2227 /* TMDBMovieGeneral.swift */; };
		4522CA7B1F9A692F003E9153 /* TMDBPaged.swift in Sources */ = {isa = PBXBuildFile; fileRef = 45AECDDB1F980645008BE58F /* TMDBPaged.swift */; };
		4522CA7D1F9A692F003E9153 /* TMDBTVEpisodes.swift in Sources */ = {isa = PBXBuildFile; fileRef = 45AECDDA1F980645008BE58F /* TMDBTVEpisodes.swift */; };
		4522CA7E1F9A692F003E9153 /* TMDBTVSeason.swift in Sources */ = {isa = PBXBuildFile; fileRef = 4522CA4E1F9A29E5003E9153 /* TMDBTVSeason.swift */; };
		4522CA7F1F9A692F003E9153 /* TMDBTVShow.swift in Sources */ = {isa = PBXBuildFile; fileRef = 450D946D1F96BF80005E2227 /* TMDBTVShow.swift */; };
		4522CA801F9A692F003E9153 /* TMDBUser.swift in Sources */ = {isa = PBXBuildFile; fileRef = 450D94651F96A8FF005E2227 /* TMDBUser.swift */; };
		4522CA811F9A6935003E9153 /* Account.swift in Sources */ = {isa = PBXBuildFile; fileRef = 450D94621F96A6A5005E2227 /* Account.swift */; };
		4522CA821F9A6935003E9153 /* Authentication.swift in Sources */ = {isa = PBXBuildFile; fileRef = 459E5C231F96520300AB28DE /* Authentication.swift */; };
		4522CA831F9A6935003E9153 /* Certifications.swift in Sources */ = {isa = PBXBuildFile; fileRef = 45AECDD41F98040A008BE58F /* Certifications.swift */; };
		4522CA841F9A6935003E9153 /* Changes.swift in Sources */ = {isa = PBXBuildFile; fileRef = 4524D2A41F9817720037D7E1 /* Changes.swift */; };
		4522CA851F9A6935003E9153 /* Collections.swift in Sources */ = {isa = PBXBuildFile; fileRef = 45D254DC1F983C0900155882 /* Collections.swift */; };
		4522CA861F9A6935003E9153 /* Companies.swift in Sources */ = {isa = PBXBuildFile; fileRef = 45D254E21F989F4B00155882 /* Companies.swift */; };
		4522CA871F9A6935003E9153 /* Configuration.swift in Sources */ = {isa = PBXBuildFile; fileRef = 4598FF6E1F98A5E600571DE0 /* Configuration.swift */; };
		4522CA881F9A6935003E9153 /* Credits.swift in Sources */ = {isa = PBXBuildFile; fileRef = 4598FF701F98AC9300571DE0 /* Credits.swift */; };
		4522CA891F9A6935003E9153 /* Discover.swift in Sources */ = {isa = PBXBuildFile; fileRef = 4598FF7D1F99F78700571DE0 /* Discover.swift */; };
		4522CA8A1F9A6935003E9153 /* Find.swift in Sources */ = {isa = PBXBuildFile; fileRef = 4522CA471F9A19B2003E9153 /* Find.swift */; };
		4522CA9A1F9A6969003E9153 /* TMDBKitTV.framework in Frameworks */ = {isa = PBXBuildFile; fileRef = 4522CA911F9A6969003E9153 /* TMDBKitTV.framework */; };
		4522CA9F1F9A6969003E9153 /* TMDBKitTVTests.swift in Sources */ = {isa = PBXBuildFile; fileRef = 4522CA9E1F9A6969003E9153 /* TMDBKitTVTests.swift */; };
		4522CAA11F9A6969003E9153 /* TMDBKitTV.h in Headers */ = {isa = PBXBuildFile; fileRef = 4522CA931F9A6969003E9153 /* TMDBKitTV.h */; settings = {ATTRIBUTES = (Public, ); }; };
		4522CAA81F9A6981003E9153 /* KeyChainManager.swift in Sources */ = {isa = PBXBuildFile; fileRef = 459E5C201F9649FF00AB28DE /* KeyChainManager.swift */; };
		4522CAA91F9A6981003E9153 /* SwiftyJSON.swift in Sources */ = {isa = PBXBuildFile; fileRef = 459E5C281F96570600AB28DE /* SwiftyJSON.swift */; };
		4522CAAA1F9A6990003E9153 /* ReturnTypes.swift in Sources */ = {isa = PBXBuildFile; fileRef = 459E5C2A1F96647700AB28DE /* ReturnTypes.swift */; };
		4522CAAB1F9A6990003E9153 /* TMDBManager.swift in Sources */ = {isa = PBXBuildFile; fileRef = 459E5C1E1F96499200AB28DE /* TMDBManager.swift */; };
		4522CAAC1F9A6990003E9153 /* String+.swift in Sources */ = {isa = PBXBuildFile; fileRef = 459E5C261F96541800AB28DE /* String+.swift */; };
		4522CAAD1F9A6990003E9153 /* TMDBCertification.swift in Sources */ = {isa = PBXBuildFile; fileRef = 45AECDCE1F9803EA008BE58F /* TMDBCertification.swift */; };
		4522CAAF1F9A6990003E9153 /* TMDBCollection.swift in Sources */ = {isa = PBXBuildFile; fileRef = 45D254DE1F98430000155882 /* TMDBCollection.swift */; };
		4522CAB01F9A6990003E9153 /* TMDBCompany.swift in Sources */ = {isa = PBXBuildFile; fileRef = 45D254E41F989FD700155882 /* TMDBCompany.swift */; };
		4522CAB11F9A6990003E9153 /* TMDBDiscoverOption.swift in Sources */ = {isa = PBXBuildFile; fileRef = 4522CA451F9A0618003E9153 /* TMDBDiscoverOption.swift */; };
		4522CAB21F9A6990003E9153 /* TMDBFindResult.swift in Sources */ = {isa = PBXBuildFile; fileRef = 4522CA4A1F9A24DE003E9153 /* TMDBFindResult.swift */; };
		4522CAB41F9A6990003E9153 /* TMDBList.swift in Sources */ = {isa = PBXBuildFile; fileRef = 450D94671F96AD49005E2227 /* TMDBList.swift */; };
		4522CAB51F9A6990003E9153 /* TMDBMediaObject.swift in Sources */ = {isa = PBXBuildFile; fileRef = 450D946B1F96BEAF005E2227 /* TMDBMediaObject.swift */; };
		4522CAB61F9A6990003E9153 /* TMDBMovieGeneral.swift in Sources */ = {isa = PBXBuildFile; fileRef = 450D94691F96B3C8005E2227 /* TMDBMovieGeneral.swift */; };
		4522CAB71F9A6990003E9153 /* TMDBPaged.swift in Sources */ = {isa = PBXBuildFile; fileRef = 45AECDDB1F980645008BE58F /* TMDBPaged.swift */; };
		4522CAB91F9A6990003E9153 /* TMDBTVEpisodes.swift in Sources */ = {isa = PBXBuildFile; fileRef = 45AECDDA1F980645008BE58F /* TMDBTVEpisodes.swift */; };
		4522CABA1F9A6990003E9153 /* TMDBTVSeason.swift in Sources */ = {isa = PBXBuildFile; fileRef = 4522CA4E1F9A29E5003E9153 /* TMDBTVSeason.swift */; };
		4522CABB1F9A6990003E9153 /* TMDBTVShow.swift in Sources */ = {isa = PBXBuildFile; fileRef = 450D946D1F96BF80005E2227 /* TMDBTVShow.swift */; };
		4522CABC1F9A6990003E9153 /* TMDBUser.swift in Sources */ = {isa = PBXBuildFile; fileRef = 450D94651F96A8FF005E2227 /* TMDBUser.swift */; };
		4522CABD1F9A6990003E9153 /* Account.swift in Sources */ = {isa = PBXBuildFile; fileRef = 450D94621F96A6A5005E2227 /* Account.swift */; };
		4522CABE1F9A6990003E9153 /* Authentication.swift in Sources */ = {isa = PBXBuildFile; fileRef = 459E5C231F96520300AB28DE /* Authentication.swift */; };
		4522CABF1F9A6990003E9153 /* Certifications.swift in Sources */ = {isa = PBXBuildFile; fileRef = 45AECDD41F98040A008BE58F /* Certifications.swift */; };
		4522CAC01F9A6990003E9153 /* Changes.swift in Sources */ = {isa = PBXBuildFile; fileRef = 4524D2A41F9817720037D7E1 /* Changes.swift */; };
		4522CAC11F9A6990003E9153 /* Collections.swift in Sources */ = {isa = PBXBuildFile; fileRef = 45D254DC1F983C0900155882 /* Collections.swift */; };
		4522CAC21F9A6990003E9153 /* Companies.swift in Sources */ = {isa = PBXBuildFile; fileRef = 45D254E21F989F4B00155882 /* Companies.swift */; };
		4522CAC31F9A6990003E9153 /* Configuration.swift in Sources */ = {isa = PBXBuildFile; fileRef = 4598FF6E1F98A5E600571DE0 /* Configuration.swift */; };
		4522CAC41F9A6990003E9153 /* Credits.swift in Sources */ = {isa = PBXBuildFile; fileRef = 4598FF701F98AC9300571DE0 /* Credits.swift */; };
		4522CAC51F9A6990003E9153 /* Discover.swift in Sources */ = {isa = PBXBuildFile; fileRef = 4598FF7D1F99F78700571DE0 /* Discover.swift */; };
		4522CAC61F9A6990003E9153 /* Find.swift in Sources */ = {isa = PBXBuildFile; fileRef = 4522CA471F9A19B2003E9153 /* Find.swift */; };
		457B6BE71F9CFE330058EDD0 /* TMDBAccountState.swift in Sources */ = {isa = PBXBuildFile; fileRef = 457B6BE51F9CFE330058EDD0 /* TMDBAccountState.swift */; };
		457B6BE81F9CFE330058EDD0 /* TMDBAccountState.swift in Sources */ = {isa = PBXBuildFile; fileRef = 457B6BE51F9CFE330058EDD0 /* TMDBAccountState.swift */; };
		457B6BEB1F9D01EF0058EDD0 /* TMDBAlternativeTitles.swift in Sources */ = {isa = PBXBuildFile; fileRef = 457B6BE91F9D01EF0058EDD0 /* TMDBAlternativeTitles.swift */; };
		457B6BEC1F9D01EF0058EDD0 /* TMDBAlternativeTitles.swift in Sources */ = {isa = PBXBuildFile; fileRef = 457B6BE91F9D01EF0058EDD0 /* TMDBAlternativeTitles.swift */; };
		459E5C0D1F96497700AB28DE /* TMDBKit.framework in Frameworks */ = {isa = PBXBuildFile; fileRef = 459E5C031F96497700AB28DE /* TMDBKit.framework */; };
		459E5C121F96497700AB28DE /* TMDBKitTests.swift in Sources */ = {isa = PBXBuildFile; fileRef = 459E5C111F96497700AB28DE /* TMDBKitTests.swift */; };
		459E5C141F96497700AB28DE /* TMDBKit.h in Headers */ = {isa = PBXBuildFile; fileRef = 459E5C061F96497700AB28DE /* TMDBKit.h */; settings = {ATTRIBUTES = (Public, ); }; };
		45A093171F9D157100D0FCC5 /* TMDBChanges.swift in Sources */ = {isa = PBXBuildFile; fileRef = 45A093131F9D106800D0FCC5 /* TMDBChanges.swift */; };
		45A093181F9D157100D0FCC5 /* TMDBMovieDetailed.swift in Sources */ = {isa = PBXBuildFile; fileRef = 45C8DF381F9C9FC500D925E8 /* TMDBMovieDetailed.swift */; };
		45A093191F9D157100D0FCC5 /* TMDBImages.swift in Sources */ = {isa = PBXBuildFile; fileRef = 45A093151F9D148700D0FCC5 /* TMDBImages.swift */; };
		45A0931A1F9D157100D0FCC5 /* Movies.swift in Sources */ = {isa = PBXBuildFile; fileRef = 45C8DF361F9C9E2400D925E8 /* Movies.swift */; };
		45A0931B1F9D157100D0FCC5 /* APIWrapper.swift in Sources */ = {isa = PBXBuildFile; fileRef = 457B6BE31F9CFBF60058EDD0 /* APIWrapper.swift */; };
		45A0931C1F9D157E00D0FCC5 /* TMDBChanges.swift in Sources */ = {isa = PBXBuildFile; fileRef = 45A093131F9D106800D0FCC5 /* TMDBChanges.swift */; };
		45A0931D1F9D157E00D0FCC5 /* TMDBMovieDetailed.swift in Sources */ = {isa = PBXBuildFile; fileRef = 45C8DF381F9C9FC500D925E8 /* TMDBMovieDetailed.swift */; };
		45A0931E1F9D157E00D0FCC5 /* TMDBImages.swift in Sources */ = {isa = PBXBuildFile; fileRef = 45A093151F9D148700D0FCC5 /* TMDBImages.swift */; };
		45A0931F1F9D157E00D0FCC5 /* Movies.swift in Sources */ = {isa = PBXBuildFile; fileRef = 45C8DF361F9C9E2400D925E8 /* Movies.swift */; };
		45A093201F9D157E00D0FCC5 /* APIWrapper.swift in Sources */ = {isa = PBXBuildFile; fileRef = 457B6BE31F9CFBF60058EDD0 /* APIWrapper.swift */; };
		45A093211F9D177800D0FCC5 /* TMDBChangesListItem.swift in Sources */ = {isa = PBXBuildFile; fileRef = 4524D2A61F9819630037D7E1 /* TMDBChangesListItem.swift */; };
		45A093231F9D17B600D0FCC5 /* KeyChainManager.swift in Sources */ = {isa = PBXBuildFile; fileRef = 459E5C201F9649FF00AB28DE /* KeyChainManager.swift */; };
		45A093241F9D17B600D0FCC5 /* SwiftyJSON.swift in Sources */ = {isa = PBXBuildFile; fileRef = 459E5C281F96570600AB28DE /* SwiftyJSON.swift */; };
		45A093251F9D17B600D0FCC5 /* ReturnTypes.swift in Sources */ = {isa = PBXBuildFile; fileRef = 459E5C2A1F96647700AB28DE /* ReturnTypes.swift */; };
		45A093261F9D17B600D0FCC5 /* TMDBManager.swift in Sources */ = {isa = PBXBuildFile; fileRef = 459E5C1E1F96499200AB28DE /* TMDBManager.swift */; };
		45A093271F9D17B600D0FCC5 /* String+.swift in Sources */ = {isa = PBXBuildFile; fileRef = 459E5C261F96541800AB28DE /* String+.swift */; };
		45A093281F9D17B600D0FCC5 /* TMDBAlternativeTitles.swift in Sources */ = {isa = PBXBuildFile; fileRef = 457B6BE91F9D01EF0058EDD0 /* TMDBAlternativeTitles.swift */; };
		45A093291F9D17B600D0FCC5 /* TMDBCertification.swift in Sources */ = {isa = PBXBuildFile; fileRef = 45AECDCE1F9803EA008BE58F /* TMDBCertification.swift */; };
		45A0932A1F9D17B600D0FCC5 /* TMDBChanges.swift in Sources */ = {isa = PBXBuildFile; fileRef = 45A093131F9D106800D0FCC5 /* TMDBChanges.swift */; };
		45A0932B1F9D17B600D0FCC5 /* TMDBChangesListItem.swift in Sources */ = {isa = PBXBuildFile; fileRef = 4524D2A61F9819630037D7E1 /* TMDBChangesListItem.swift */; };
		45A0932C1F9D17B600D0FCC5 /* TMDBCollection.swift in Sources */ = {isa = PBXBuildFile; fileRef = 45D254DE1F98430000155882 /* TMDBCollection.swift */; };
		45A0932D1F9D17B600D0FCC5 /* TMDBCompany.swift in Sources */ = {isa = PBXBuildFile; fileRef = 45D254E41F989FD700155882 /* TMDBCompany.swift */; };
		45A0932E1F9D17B600D0FCC5 /* TMDBDiscoverOption.swift in Sources */ = {isa = PBXBuildFile; fileRef = 4522CA451F9A0618003E9153 /* TMDBDiscoverOption.swift */; };
		45A0932F1F9D17B600D0FCC5 /* TMDBFindResult.swift in Sources */ = {isa = PBXBuildFile; fileRef = 4522CA4A1F9A24DE003E9153 /* TMDBFindResult.swift */; };
		45A093301F9D17B600D0FCC5 /* TMDBGenre.swift in Sources */ = {isa = PBXBuildFile; fileRef = 4522CACA1F9B3858003E9153 /* TMDBGenre.swift */; };
		45A093321F9D17B600D0FCC5 /* TMDBItemStatus.swift in Sources */ = {isa = PBXBuildFile; fileRef = 45EEC7201F9BD1D90040FCC9 /* TMDBItemStatus.swift */; };
		45A093331F9D17B600D0FCC5 /* TMDBJob.swift in Sources */ = {isa = PBXBuildFile; fileRef = 45D049811F9BB440005A4D74 /* TMDBJob.swift */; };
		45A093351F9D17B600D0FCC5 /* TMDBList.swift in Sources */ = {isa = PBXBuildFile; fileRef = 450D94671F96AD49005E2227 /* TMDBList.swift */; };
		45A093361F9D17B600D0FCC5 /* TMDBMediaObject.swift in Sources */ = {isa = PBXBuildFile; fileRef = 450D946B1F96BEAF005E2227 /* TMDBMediaObject.swift */; };
		45A093371F9D17B600D0FCC5 /* TMDBMovieGeneral.swift in Sources */ = {isa = PBXBuildFile; fileRef = 450D94691F96B3C8005E2227 /* TMDBMovieGeneral.swift */; };
		45A093381F9D17B600D0FCC5 /* TMDBMovieDetailed.swift in Sources */ = {isa = PBXBuildFile; fileRef = 45C8DF381F9C9FC500D925E8 /* TMDBMovieDetailed.swift */; };
		45A093391F9D17B600D0FCC5 /* TMDBPaged.swift in Sources */ = {isa = PBXBuildFile; fileRef = 45AECDDB1F980645008BE58F /* TMDBPaged.swift */; };
		45A0933B1F9D17B600D0FCC5 /* Enums.swift in Sources */ = {isa = PBXBuildFile; fileRef = 4522269D1F9B683900A433F8 /* Enums.swift */; };
		45A0933C1F9D17B600D0FCC5 /* TMDBAccountState.swift in Sources */ = {isa = PBXBuildFile; fileRef = 457B6BE51F9CFE330058EDD0 /* TMDBAccountState.swift */; };
		45A0933D1F9D17B600D0FCC5 /* TMDBTVEpisodes.swift in Sources */ = {isa = PBXBuildFile; fileRef = 45AECDDA1F980645008BE58F /* TMDBTVEpisodes.swift */; };
		45A0933E1F9D17B600D0FCC5 /* TMDBTVSeason.swift in Sources */ = {isa = PBXBuildFile; fileRef = 4522CA4E1F9A29E5003E9153 /* TMDBTVSeason.swift */; };
		45A0933F1F9D17B600D0FCC5 /* TMDBTVShow.swift in Sources */ = {isa = PBXBuildFile; fileRef = 450D946D1F96BF80005E2227 /* TMDBTVShow.swift */; };
		45A093401F9D17B600D0FCC5 /* TMDBUser.swift in Sources */ = {isa = PBXBuildFile; fileRef = 450D94651F96A8FF005E2227 /* TMDBUser.swift */; };
		45A093411F9D17B600D0FCC5 /* TMDBImages.swift in Sources */ = {isa = PBXBuildFile; fileRef = 45A093151F9D148700D0FCC5 /* TMDBImages.swift */; };
		45A093421F9D17B600D0FCC5 /* Account.swift in Sources */ = {isa = PBXBuildFile; fileRef = 450D94621F96A6A5005E2227 /* Account.swift */; };
		45A093431F9D17B600D0FCC5 /* Authentication.swift in Sources */ = {isa = PBXBuildFile; fileRef = 459E5C231F96520300AB28DE /* Authentication.swift */; };
		45A093441F9D17B600D0FCC5 /* Certifications.swift in Sources */ = {isa = PBXBuildFile; fileRef = 45AECDD41F98040A008BE58F /* Certifications.swift */; };
		45A093451F9D17B600D0FCC5 /* Changes.swift in Sources */ = {isa = PBXBuildFile; fileRef = 4524D2A41F9817720037D7E1 /* Changes.swift */; };
		45A093461F9D17B600D0FCC5 /* Collections.swift in Sources */ = {isa = PBXBuildFile; fileRef = 45D254DC1F983C0900155882 /* Collections.swift */; };
		45A093471F9D17B600D0FCC5 /* Companies.swift in Sources */ = {isa = PBXBuildFile; fileRef = 45D254E21F989F4B00155882 /* Companies.swift */; };
		45A093481F9D17B600D0FCC5 /* Configuration.swift in Sources */ = {isa = PBXBuildFile; fileRef = 4598FF6E1F98A5E600571DE0 /* Configuration.swift */; };
		45A093491F9D17B600D0FCC5 /* Credits.swift in Sources */ = {isa = PBXBuildFile; fileRef = 4598FF701F98AC9300571DE0 /* Credits.swift */; };
		45A0934A1F9D17B600D0FCC5 /* Discover.swift in Sources */ = {isa = PBXBuildFile; fileRef = 4598FF7D1F99F78700571DE0 /* Discover.swift */; };
		45A0934B1F9D17B600D0FCC5 /* Find.swift in Sources */ = {isa = PBXBuildFile; fileRef = 4522CA471F9A19B2003E9153 /* Find.swift */; };
		45A0934C1F9D17B600D0FCC5 /* Genres.swift in Sources */ = {isa = PBXBuildFile; fileRef = 4522CAC81F9B3632003E9153 /* Genres.swift */; };
		45A0934D1F9D17B600D0FCC5 /* GuestSessions.swift in Sources */ = {isa = PBXBuildFile; fileRef = 4522269B1F9B649700A433F8 /* GuestSessions.swift */; };
		45A0934F1F9D17B600D0FCC5 /* Jobs.swift in Sources */ = {isa = PBXBuildFile; fileRef = 45D049831F9BB4B1005A4D74 /* Jobs.swift */; };
		45A093501F9D17B600D0FCC5 /* KeyWords.swift in Sources */ = {isa = PBXBuildFile; fileRef = 45D049851F9BCA8E005A4D74 /* KeyWords.swift */; };
		45A093511F9D17B600D0FCC5 /* Lists.swift in Sources */ = {isa = PBXBuildFile; fileRef = 45EEC71C1F9BCF780040FCC9 /* Lists.swift */; };
		45A093521F9D17B600D0FCC5 /* Movies.swift in Sources */ = {isa = PBXBuildFile; fileRef = 45C8DF361F9C9E2400D925E8 /* Movies.swift */; };
		45A093531F9D17B600D0FCC5 /* APIWrapper.swift in Sources */ = {isa = PBXBuildFile; fileRef = 457B6BE31F9CFBF60058EDD0 /* APIWrapper.swift */; };
		45A093571F9D19CD00D0FCC5 /* TMDBKeywords.swift in Sources */ = {isa = PBXBuildFile; fileRef = 45A093561F9D19CD00D0FCC5 /* TMDBKeywords.swift */; };
		45A093581F9D19CD00D0FCC5 /* TMDBKeywords.swift in Sources */ = {isa = PBXBuildFile; fileRef = 45A093561F9D19CD00D0FCC5 /* TMDBKeywords.swift */; };
		45A093591F9D19CD00D0FCC5 /* TMDBKeywords.swift in Sources */ = {isa = PBXBuildFile; fileRef = 45A093561F9D19CD00D0FCC5 /* TMDBKeywords.swift */; };
		45A0935B1F9D1A8900D0FCC5 /* TMDBReleaseDates.swift in Sources */ = {isa = PBXBuildFile; fileRef = 45A0935A1F9D1A8900D0FCC5 /* TMDBReleaseDates.swift */; };
		45A0935C1F9D1A8900D0FCC5 /* TMDBReleaseDates.swift in Sources */ = {isa = PBXBuildFile; fileRef = 45A0935A1F9D1A8900D0FCC5 /* TMDBReleaseDates.swift */; };
		45A0935D1F9D1A8900D0FCC5 /* TMDBReleaseDates.swift in Sources */ = {isa = PBXBuildFile; fileRef = 45A0935A1F9D1A8900D0FCC5 /* TMDBReleaseDates.swift */; };
		45A0935F1F9D1C6800D0FCC5 /* TMDBVideos.swift in Sources */ = {isa = PBXBuildFile; fileRef = 45A0935E1F9D1C6800D0FCC5 /* TMDBVideos.swift */; };
		45A093601F9D1C6800D0FCC5 /* TMDBVideos.swift in Sources */ = {isa = PBXBuildFile; fileRef = 45A0935E1F9D1C6800D0FCC5 /* TMDBVideos.swift */; };
		45A093611F9D1C6800D0FCC5 /* TMDBVideos.swift in Sources */ = {isa = PBXBuildFile; fileRef = 45A0935E1F9D1C6800D0FCC5 /* TMDBVideos.swift */; };
		45A093631F9D237F00D0FCC5 /* TMDBTranslations.swift in Sources */ = {isa = PBXBuildFile; fileRef = 45A093621F9D237F00D0FCC5 /* TMDBTranslations.swift */; };
		45A093641F9D237F00D0FCC5 /* TMDBTranslations.swift in Sources */ = {isa = PBXBuildFile; fileRef = 45A093621F9D237F00D0FCC5 /* TMDBTranslations.swift */; };
		45A093651F9D237F00D0FCC5 /* TMDBTranslations.swift in Sources */ = {isa = PBXBuildFile; fileRef = 45A093621F9D237F00D0FCC5 /* TMDBTranslations.swift */; };
		45A093671F9D25BB00D0FCC5 /* TMDBReview.swift in Sources */ = {isa = PBXBuildFile; fileRef = 45A093661F9D25BB00D0FCC5 /* TMDBReview.swift */; };
		45A093681F9D25BB00D0FCC5 /* TMDBReview.swift in Sources */ = {isa = PBXBuildFile; fileRef = 45A093661F9D25BB00D0FCC5 /* TMDBReview.swift */; };
		45A093691F9D25BB00D0FCC5 /* TMDBReview.swift in Sources */ = {isa = PBXBuildFile; fileRef = 45A093661F9D25BB00D0FCC5 /* TMDBReview.swift */; };
		45C28AAB1F9D4264002526DF /* TMDBPerson.swift in Sources */ = {isa = PBXBuildFile; fileRef = 45C28AAA1F9D4264002526DF /* TMDBPerson.swift */; };
		45C28AAC1F9D4264002526DF /* TMDBPerson.swift in Sources */ = {isa = PBXBuildFile; fileRef = 45C28AAA1F9D4264002526DF /* TMDBPerson.swift */; };
		45C28AAD1F9D4264002526DF /* TMDBPerson.swift in Sources */ = {isa = PBXBuildFile; fileRef = 45C28AAA1F9D4264002526DF /* TMDBPerson.swift */; };
		45D049871F9BCA8E005A4D74 /* KeyWords.swift in Sources */ = {isa = PBXBuildFile; fileRef = 45D049851F9BCA8E005A4D74 /* KeyWords.swift */; };
		45D049881F9BCA8E005A4D74 /* KeyWords.swift in Sources */ = {isa = PBXBuildFile; fileRef = 45D049851F9BCA8E005A4D74 /* KeyWords.swift */; };
		45D049B11F9BCB2D005A4D74 /* TMDBGenre.swift in Sources */ = {isa = PBXBuildFile; fileRef = 4522CACA1F9B3858003E9153 /* TMDBGenre.swift */; };
		45D049B21F9BCB2D005A4D74 /* Enums.swift in Sources */ = {isa = PBXBuildFile; fileRef = 4522269D1F9B683900A433F8 /* Enums.swift */; };
		45D049B31F9BCB2D005A4D74 /* TMDBJob.swift in Sources */ = {isa = PBXBuildFile; fileRef = 45D049811F9BB440005A4D74 /* TMDBJob.swift */; };
		45D049B41F9BCB2D005A4D74 /* Genres.swift in Sources */ = {isa = PBXBuildFile; fileRef = 4522CAC81F9B3632003E9153 /* Genres.swift */; };
		45D049B51F9BCB2D005A4D74 /* GuestSessions.swift in Sources */ = {isa = PBXBuildFile; fileRef = 4522269B1F9B649700A433F8 /* GuestSessions.swift */; };
		45D049B61F9BCB2D005A4D74 /* Jobs.swift in Sources */ = {isa = PBXBuildFile; fileRef = 45D049831F9BB4B1005A4D74 /* Jobs.swift */; };
		45D049B71F9BCB3F005A4D74 /* TMDBGenre.swift in Sources */ = {isa = PBXBuildFile; fileRef = 4522CACA1F9B3858003E9153 /* TMDBGenre.swift */; };
		45D049B81F9BCB3F005A4D74 /* Enums.swift in Sources */ = {isa = PBXBuildFile; fileRef = 4522269D1F9B683900A433F8 /* Enums.swift */; };
		45D049B91F9BCB3F005A4D74 /* TMDBJob.swift in Sources */ = {isa = PBXBuildFile; fileRef = 45D049811F9BB440005A4D74 /* TMDBJob.swift */; };
		45D049BA1F9BCB3F005A4D74 /* Genres.swift in Sources */ = {isa = PBXBuildFile; fileRef = 4522CAC81F9B3632003E9153 /* Genres.swift */; };
		45D049BB1F9BCB3F005A4D74 /* GuestSessions.swift in Sources */ = {isa = PBXBuildFile; fileRef = 4522269B1F9B649700A433F8 /* GuestSessions.swift */; };
		45D049BC1F9BCB3F005A4D74 /* Jobs.swift in Sources */ = {isa = PBXBuildFile; fileRef = 45D049831F9BB4B1005A4D74 /* Jobs.swift */; };
		45EBF6951F9D3C2700D0AA62 /* TMDBNowPlayingMovies.swift in Sources */ = {isa = PBXBuildFile; fileRef = 45EBF6941F9D3C2700D0AA62 /* TMDBNowPlayingMovies.swift */; };
		45EBF6961F9D3EBB00D0AA62 /* TMDBNowPlayingMovies.swift in Sources */ = {isa = PBXBuildFile; fileRef = 45EBF6941F9D3C2700D0AA62 /* TMDBNowPlayingMovies.swift */; };
		45EBF6971F9D3EBF00D0AA62 /* TMDBNowPlayingMovies.swift in Sources */ = {isa = PBXBuildFile; fileRef = 45EBF6941F9D3C2700D0AA62 /* TMDBNowPlayingMovies.swift */; };
		45EBF69B1F9D3F4700D0AA62 /* Networks.swift in Sources */ = {isa = PBXBuildFile; fileRef = 45EBF69A1F9D3F4700D0AA62 /* Networks.swift */; };
		45EBF69C1F9D3F4700D0AA62 /* Networks.swift in Sources */ = {isa = PBXBuildFile; fileRef = 45EBF69A1F9D3F4700D0AA62 /* Networks.swift */; };
		45EBF69D1F9D3F4700D0AA62 /* Networks.swift in Sources */ = {isa = PBXBuildFile; fileRef = 45EBF69A1F9D3F4700D0AA62 /* Networks.swift */; };
		45EBF69F1F9D3FF800D0AA62 /* TMDBNetwork.swift in Sources */ = {isa = PBXBuildFile; fileRef = 45EBF69E1F9D3FF800D0AA62 /* TMDBNetwork.swift */; };
		45EBF6A01F9D3FF800D0AA62 /* TMDBNetwork.swift in Sources */ = {isa = PBXBuildFile; fileRef = 45EBF69E1F9D3FF800D0AA62 /* TMDBNetwork.swift */; };
		45EBF6A11F9D3FF800D0AA62 /* TMDBNetwork.swift in Sources */ = {isa = PBXBuildFile; fileRef = 45EBF69E1F9D3FF800D0AA62 /* TMDBNetwork.swift */; };
		45EBF6A31F9D408700D0AA62 /* People.swift in Sources */ = {isa = PBXBuildFile; fileRef = 45EBF6A21F9D408700D0AA62 /* People.swift */; };
		45EBF6A41F9D408700D0AA62 /* People.swift in Sources */ = {isa = PBXBuildFile; fileRef = 45EBF6A21F9D408700D0AA62 /* People.swift */; };
		45EBF6A51F9D408700D0AA62 /* People.swift in Sources */ = {isa = PBXBuildFile; fileRef = 45EBF6A21F9D408700D0AA62 /* People.swift */; };
		45EEC71E1F9BCF780040FCC9 /* Lists.swift in Sources */ = {isa = PBXBuildFile; fileRef = 45EEC71C1F9BCF780040FCC9 /* Lists.swift */; };
		45EEC71F1F9BCF780040FCC9 /* Lists.swift in Sources */ = {isa = PBXBuildFile; fileRef = 45EEC71C1F9BCF780040FCC9 /* Lists.swift */; };
		45EEC7221F9BD1D90040FCC9 /* TMDBItemStatus.swift in Sources */ = {isa = PBXBuildFile; fileRef = 45EEC7201F9BD1D90040FCC9 /* TMDBItemStatus.swift */; };
		45EEC7231F9BD1D90040FCC9 /* TMDBItemStatus.swift in Sources */ = {isa = PBXBuildFile; fileRef = 45EEC7201F9BD1D90040FCC9 /* TMDBItemStatus.swift */; };
/* End PBXBuildFile section */

/* Begin PBXContainerItemProxy section */
		4522CA5F1F9A68F7003E9153 /* PBXContainerItemProxy */ = {
			isa = PBXContainerItemProxy;
			containerPortal = 459E5BFA1F96497700AB28DE /* Project object */;
			proxyType = 1;
			remoteGlobalIDString = 4522CA541F9A68F6003E9153;
			remoteInfo = TMDBKitMac;
		};
		4522CA9B1F9A6969003E9153 /* PBXContainerItemProxy */ = {
			isa = PBXContainerItemProxy;
			containerPortal = 459E5BFA1F96497700AB28DE /* Project object */;
			proxyType = 1;
			remoteGlobalIDString = 4522CA901F9A6969003E9153;
			remoteInfo = TMDBKitTV;
		};
		459E5C0E1F96497700AB28DE /* PBXContainerItemProxy */ = {
			isa = PBXContainerItemProxy;
			containerPortal = 459E5BFA1F96497700AB28DE /* Project object */;
			proxyType = 1;
			remoteGlobalIDString = 459E5C021F96497700AB28DE;
			remoteInfo = TMDBKit;
		};
/* End PBXContainerItemProxy section */

/* Begin PBXFileReference section */
		450D94621F96A6A5005E2227 /* Account.swift */ = {isa = PBXFileReference; lastKnownFileType = sourcecode.swift; path = Account.swift; sourceTree = "<group>"; };
		450D94651F96A8FF005E2227 /* TMDBUser.swift */ = {isa = PBXFileReference; lastKnownFileType = sourcecode.swift; path = TMDBUser.swift; sourceTree = "<group>"; };
		450D94671F96AD49005E2227 /* TMDBList.swift */ = {isa = PBXFileReference; lastKnownFileType = sourcecode.swift; path = TMDBList.swift; sourceTree = "<group>"; };
		450D94691F96B3C8005E2227 /* TMDBMovieGeneral.swift */ = {isa = PBXFileReference; lastKnownFileType = sourcecode.swift; path = TMDBMovieGeneral.swift; sourceTree = "<group>"; };
		450D946B1F96BEAF005E2227 /* TMDBMediaObject.swift */ = {isa = PBXFileReference; lastKnownFileType = sourcecode.swift; path = TMDBMediaObject.swift; sourceTree = "<group>"; };
		450D946D1F96BF80005E2227 /* TMDBTVShow.swift */ = {isa = PBXFileReference; lastKnownFileType = sourcecode.swift; path = TMDBTVShow.swift; sourceTree = "<group>"; };
		451DFBD71F98101500F501EB /* LICENSE */ = {isa = PBXFileReference; lastKnownFileType = text; path = LICENSE; sourceTree = "<group>"; };
		451DFBDA1F9810FD00F501EB /* SwiftyJSON_LICENSE */ = {isa = PBXFileReference; lastKnownFileType = text; path = SwiftyJSON_LICENSE; sourceTree = "<group>"; };
		451DFBDC1F98111300F501EB /* TraktKit_LICENSE */ = {isa = PBXFileReference; lastKnownFileType = text; path = TraktKit_LICENSE; sourceTree = "<group>"; };
		4522269B1F9B649700A433F8 /* GuestSessions.swift */ = {isa = PBXFileReference; lastKnownFileType = sourcecode.swift; path = GuestSessions.swift; sourceTree = "<group>"; };
		4522269D1F9B683900A433F8 /* Enums.swift */ = {isa = PBXFileReference; lastKnownFileType = sourcecode.swift; path = Enums.swift; sourceTree = "<group>"; };
		4522CA451F9A0618003E9153 /* TMDBDiscoverOption.swift */ = {isa = PBXFileReference; lastKnownFileType = sourcecode.swift; path = TMDBDiscoverOption.swift; sourceTree = "<group>"; };
		4522CA471F9A19B2003E9153 /* Find.swift */ = {isa = PBXFileReference; lastKnownFileType = sourcecode.swift; path = Find.swift; sourceTree = "<group>"; };
		4522CA4A1F9A24DE003E9153 /* TMDBFindResult.swift */ = {isa = PBXFileReference; lastKnownFileType = sourcecode.swift; path = TMDBFindResult.swift; sourceTree = "<group>"; };
		4522CA4E1F9A29E5003E9153 /* TMDBTVSeason.swift */ = {isa = PBXFileReference; lastKnownFileType = sourcecode.swift; path = TMDBTVSeason.swift; sourceTree = "<group>"; };
		4522CA551F9A68F6003E9153 /* TMDBKitMac.framework */ = {isa = PBXFileReference; explicitFileType = wrapper.framework; includeInIndex = 0; path = TMDBKitMac.framework; sourceTree = BUILT_PRODUCTS_DIR; };
		4522CA571F9A68F6003E9153 /* TMDBKitMac.h */ = {isa = PBXFileReference; lastKnownFileType = sourcecode.c.h; path = TMDBKitMac.h; sourceTree = "<group>"; };
		4522CA581F9A68F6003E9153 /* Info.plist */ = {isa = PBXFileReference; lastKnownFileType = text.plist.xml; path = Info.plist; sourceTree = "<group>"; };
		4522CA5D1F9A68F7003E9153 /* TMDBKitMacTests.xctest */ = {isa = PBXFileReference; explicitFileType = wrapper.cfbundle; includeInIndex = 0; path = TMDBKitMacTests.xctest; sourceTree = BUILT_PRODUCTS_DIR; };
		4522CA621F9A68F7003E9153 /* TMDBKitMacTests.swift */ = {isa = PBXFileReference; lastKnownFileType = sourcecode.swift; path = TMDBKitMacTests.swift; sourceTree = "<group>"; };
		4522CA641F9A68F7003E9153 /* Info.plist */ = {isa = PBXFileReference; lastKnownFileType = text.plist.xml; path = Info.plist; sourceTree = "<group>"; };
		4522CA911F9A6969003E9153 /* TMDBKitTV.framework */ = {isa = PBXFileReference; explicitFileType = wrapper.framework; includeInIndex = 0; path = TMDBKitTV.framework; sourceTree = BUILT_PRODUCTS_DIR; };
		4522CA931F9A6969003E9153 /* TMDBKitTV.h */ = {isa = PBXFileReference; lastKnownFileType = sourcecode.c.h; path = TMDBKitTV.h; sourceTree = "<group>"; };
		4522CA941F9A6969003E9153 /* Info.plist */ = {isa = PBXFileReference; lastKnownFileType = text.plist.xml; path = Info.plist; sourceTree = "<group>"; };
		4522CA991F9A6969003E9153 /* TMDBKitTVTests.xctest */ = {isa = PBXFileReference; explicitFileType = wrapper.cfbundle; includeInIndex = 0; path = TMDBKitTVTests.xctest; sourceTree = BUILT_PRODUCTS_DIR; };
		4522CA9E1F9A6969003E9153 /* TMDBKitTVTests.swift */ = {isa = PBXFileReference; lastKnownFileType = sourcecode.swift; path = TMDBKitTVTests.swift; sourceTree = "<group>"; };
		4522CAA01F9A6969003E9153 /* Info.plist */ = {isa = PBXFileReference; lastKnownFileType = text.plist.xml; path = Info.plist; sourceTree = "<group>"; };
		4522CAC81F9B3632003E9153 /* Genres.swift */ = {isa = PBXFileReference; lastKnownFileType = sourcecode.swift; path = Genres.swift; sourceTree = "<group>"; };
		4522CACA1F9B3858003E9153 /* TMDBGenre.swift */ = {isa = PBXFileReference; lastKnownFileType = sourcecode.swift; path = TMDBGenre.swift; sourceTree = "<group>"; };
		4524D2A41F9817720037D7E1 /* Changes.swift */ = {isa = PBXFileReference; lastKnownFileType = sourcecode.swift; path = Changes.swift; sourceTree = "<group>"; };
		4524D2A61F9819630037D7E1 /* TMDBChangesListItem.swift */ = {isa = PBXFileReference; lastKnownFileType = sourcecode.swift; path = TMDBChangesListItem.swift; sourceTree = "<group>"; };
		457B6BE31F9CFBF60058EDD0 /* APIWrapper.swift */ = {isa = PBXFileReference; lastKnownFileType = sourcecode.swift; path = APIWrapper.swift; sourceTree = "<group>"; };
		457B6BE51F9CFE330058EDD0 /* TMDBAccountState.swift */ = {isa = PBXFileReference; lastKnownFileType = sourcecode.swift; path = TMDBAccountState.swift; sourceTree = "<group>"; };
		457B6BE91F9D01EF0058EDD0 /* TMDBAlternativeTitles.swift */ = {isa = PBXFileReference; lastKnownFileType = sourcecode.swift; path = TMDBAlternativeTitles.swift; sourceTree = "<group>"; };
		4598FF6E1F98A5E600571DE0 /* Configuration.swift */ = {isa = PBXFileReference; lastKnownFileType = sourcecode.swift; path = Configuration.swift; sourceTree = "<group>"; };
		4598FF701F98AC9300571DE0 /* Credits.swift */ = {isa = PBXFileReference; lastKnownFileType = sourcecode.swift; path = Credits.swift; sourceTree = "<group>"; };
		4598FF731F98E39F00571DE0 /* Logo.afdesign */ = {isa = PBXFileReference; lastKnownFileType = file; path = Logo.afdesign; sourceTree = "<group>"; };
		4598FF741F98E39F00571DE0 /* Logo.svg */ = {isa = PBXFileReference; lastKnownFileType = text.xml; path = Logo.svg; sourceTree = "<group>"; };
		4598FF7D1F99F78700571DE0 /* Discover.swift */ = {isa = PBXFileReference; lastKnownFileType = sourcecode.swift; path = Discover.swift; sourceTree = "<group>"; };
		459E5C031F96497700AB28DE /* TMDBKit.framework */ = {isa = PBXFileReference; explicitFileType = wrapper.framework; includeInIndex = 0; path = TMDBKit.framework; sourceTree = BUILT_PRODUCTS_DIR; };
		459E5C061F96497700AB28DE /* TMDBKit.h */ = {isa = PBXFileReference; lastKnownFileType = sourcecode.c.h; path = TMDBKit.h; sourceTree = "<group>"; };
		459E5C071F96497700AB28DE /* Info.plist */ = {isa = PBXFileReference; lastKnownFileType = text.plist.xml; path = Info.plist; sourceTree = "<group>"; };
		459E5C0C1F96497700AB28DE /* TMDBKitTests.xctest */ = {isa = PBXFileReference; explicitFileType = wrapper.cfbundle; includeInIndex = 0; path = TMDBKitTests.xctest; sourceTree = BUILT_PRODUCTS_DIR; };
		459E5C111F96497700AB28DE /* TMDBKitTests.swift */ = {isa = PBXFileReference; lastKnownFileType = sourcecode.swift; path = TMDBKitTests.swift; sourceTree = "<group>"; };
		459E5C131F96497700AB28DE /* Info.plist */ = {isa = PBXFileReference; lastKnownFileType = text.plist.xml; path = Info.plist; sourceTree = "<group>"; };
		459E5C1E1F96499200AB28DE /* TMDBManager.swift */ = {isa = PBXFileReference; lastKnownFileType = sourcecode.swift; path = TMDBManager.swift; sourceTree = "<group>"; };
		459E5C201F9649FF00AB28DE /* KeyChainManager.swift */ = {isa = PBXFileReference; lastKnownFileType = sourcecode.swift; path = KeyChainManager.swift; sourceTree = "<group>"; };
		459E5C231F96520300AB28DE /* Authentication.swift */ = {isa = PBXFileReference; lastKnownFileType = sourcecode.swift; path = Authentication.swift; sourceTree = "<group>"; };
		459E5C261F96541800AB28DE /* String+.swift */ = {isa = PBXFileReference; lastKnownFileType = sourcecode.swift; path = "String+.swift"; sourceTree = "<group>"; };
		459E5C281F96570600AB28DE /* SwiftyJSON.swift */ = {isa = PBXFileReference; lastKnownFileType = sourcecode.swift; path = SwiftyJSON.swift; sourceTree = "<group>"; };
		459E5C2A1F96647700AB28DE /* ReturnTypes.swift */ = {isa = PBXFileReference; lastKnownFileType = sourcecode.swift; path = ReturnTypes.swift; sourceTree = "<group>"; };
		459E5C2C1F96742C00AB28DE /* README.md */ = {isa = PBXFileReference; lastKnownFileType = net.daringfireball.markdown; path = README.md; sourceTree = "<group>"; };
		45A093131F9D106800D0FCC5 /* TMDBChanges.swift */ = {isa = PBXFileReference; lastKnownFileType = sourcecode.swift; path = TMDBChanges.swift; sourceTree = "<group>"; };
		45A093151F9D148700D0FCC5 /* TMDBImages.swift */ = {isa = PBXFileReference; lastKnownFileType = sourcecode.swift; path = TMDBImages.swift; sourceTree = "<group>"; };
		45A093561F9D19CD00D0FCC5 /* TMDBKeywords.swift */ = {isa = PBXFileReference; lastKnownFileType = sourcecode.swift; path = TMDBKeywords.swift; sourceTree = "<group>"; };
		45A0935A1F9D1A8900D0FCC5 /* TMDBReleaseDates.swift */ = {isa = PBXFileReference; lastKnownFileType = sourcecode.swift; path = TMDBReleaseDates.swift; sourceTree = "<group>"; };
		45A0935E1F9D1C6800D0FCC5 /* TMDBVideos.swift */ = {isa = PBXFileReference; lastKnownFileType = sourcecode.swift; path = TMDBVideos.swift; sourceTree = "<group>"; };
		45A093621F9D237F00D0FCC5 /* TMDBTranslations.swift */ = {isa = PBXFileReference; lastKnownFileType = sourcecode.swift; path = TMDBTranslations.swift; sourceTree = "<group>"; };
		45A093661F9D25BB00D0FCC5 /* TMDBReview.swift */ = {isa = PBXFileReference; lastKnownFileType = sourcecode.swift; path = TMDBReview.swift; sourceTree = "<group>"; };
		45AECDCE1F9803EA008BE58F /* TMDBCertification.swift */ = {isa = PBXFileReference; lastKnownFileType = sourcecode.swift; path = TMDBCertification.swift; sourceTree = "<group>"; };
		45AECDD41F98040A008BE58F /* Certifications.swift */ = {isa = PBXFileReference; lastKnownFileType = sourcecode.swift; path = Certifications.swift; sourceTree = "<group>"; };
		45AECDDA1F980645008BE58F /* TMDBTVEpisodes.swift */ = {isa = PBXFileReference; lastKnownFileType = sourcecode.swift; path = TMDBTVEpisodes.swift; sourceTree = "<group>"; };
		45AECDDB1F980645008BE58F /* TMDBPaged.swift */ = {isa = PBXFileReference; lastKnownFileType = sourcecode.swift; path = TMDBPaged.swift; sourceTree = "<group>"; };
		45C28AAA1F9D4264002526DF /* TMDBPerson.swift */ = {isa = PBXFileReference; lastKnownFileType = sourcecode.swift; path = TMDBPerson.swift; sourceTree = "<group>"; };
		45C8DF361F9C9E2400D925E8 /* Movies.swift */ = {isa = PBXFileReference; lastKnownFileType = sourcecode.swift; path = Movies.swift; sourceTree = "<group>"; };
		45C8DF381F9C9FC500D925E8 /* TMDBMovieDetailed.swift */ = {isa = PBXFileReference; lastKnownFileType = sourcecode.swift; path = TMDBMovieDetailed.swift; sourceTree = "<group>"; };
		45D049811F9BB440005A4D74 /* TMDBJob.swift */ = {isa = PBXFileReference; lastKnownFileType = sourcecode.swift; path = TMDBJob.swift; sourceTree = "<group>"; };
		45D049831F9BB4B1005A4D74 /* Jobs.swift */ = {isa = PBXFileReference; lastKnownFileType = sourcecode.swift; path = Jobs.swift; sourceTree = "<group>"; };
		45D049851F9BCA8E005A4D74 /* KeyWords.swift */ = {isa = PBXFileReference; lastKnownFileType = sourcecode.swift; path = KeyWords.swift; sourceTree = "<group>"; };
		45D254DC1F983C0900155882 /* Collections.swift */ = {isa = PBXFileReference; lastKnownFileType = sourcecode.swift; path = Collections.swift; sourceTree = "<group>"; };
		45D254DE1F98430000155882 /* TMDBCollection.swift */ = {isa = PBXFileReference; lastKnownFileType = sourcecode.swift; path = TMDBCollection.swift; sourceTree = "<group>"; };
		45D254E21F989F4B00155882 /* Companies.swift */ = {isa = PBXFileReference; lastKnownFileType = sourcecode.swift; path = Companies.swift; sourceTree = "<group>"; };
		45D254E41F989FD700155882 /* TMDBCompany.swift */ = {isa = PBXFileReference; lastKnownFileType = sourcecode.swift; path = TMDBCompany.swift; sourceTree = "<group>"; };
		45EBF6941F9D3C2700D0AA62 /* TMDBNowPlayingMovies.swift */ = {isa = PBXFileReference; lastKnownFileType = sourcecode.swift; path = TMDBNowPlayingMovies.swift; sourceTree = "<group>"; };
		45EBF69A1F9D3F4700D0AA62 /* Networks.swift */ = {isa = PBXFileReference; lastKnownFileType = sourcecode.swift; path = Networks.swift; sourceTree = "<group>"; };
		45EBF69E1F9D3FF800D0AA62 /* TMDBNetwork.swift */ = {isa = PBXFileReference; lastKnownFileType = sourcecode.swift; path = TMDBNetwork.swift; sourceTree = "<group>"; };
		45EBF6A21F9D408700D0AA62 /* People.swift */ = {isa = PBXFileReference; lastKnownFileType = sourcecode.swift; path = People.swift; sourceTree = "<group>"; };
		45EEC71C1F9BCF780040FCC9 /* Lists.swift */ = {isa = PBXFileReference; lastKnownFileType = sourcecode.swift; path = Lists.swift; sourceTree = "<group>"; };
		45EEC7201F9BD1D90040FCC9 /* TMDBItemStatus.swift */ = {isa = PBXFileReference; lastKnownFileType = sourcecode.swift; path = TMDBItemStatus.swift; sourceTree = "<group>"; };
/* End PBXFileReference section */

/* Begin PBXFrameworksBuildPhase section */
		4522CA511F9A68F6003E9153 /* Frameworks */ = {
			isa = PBXFrameworksBuildPhase;
			buildActionMask = 2147483647;
			files = (
			);
			runOnlyForDeploymentPostprocessing = 0;
		};
		4522CA5A1F9A68F7003E9153 /* Frameworks */ = {
			isa = PBXFrameworksBuildPhase;
			buildActionMask = 2147483647;
			files = (
				4522CA5E1F9A68F7003E9153 /* TMDBKitMac.framework in Frameworks */,
			);
			runOnlyForDeploymentPostprocessing = 0;
		};
		4522CA8D1F9A6969003E9153 /* Frameworks */ = {
			isa = PBXFrameworksBuildPhase;
			buildActionMask = 2147483647;
			files = (
			);
			runOnlyForDeploymentPostprocessing = 0;
		};
		4522CA961F9A6969003E9153 /* Frameworks */ = {
			isa = PBXFrameworksBuildPhase;
			buildActionMask = 2147483647;
			files = (
				4522CA9A1F9A6969003E9153 /* TMDBKitTV.framework in Frameworks */,
			);
			runOnlyForDeploymentPostprocessing = 0;
		};
		459E5BFF1F96497700AB28DE /* Frameworks */ = {
			isa = PBXFrameworksBuildPhase;
			buildActionMask = 2147483647;
			files = (
			);
			runOnlyForDeploymentPostprocessing = 0;
		};
		459E5C091F96497700AB28DE /* Frameworks */ = {
			isa = PBXFrameworksBuildPhase;
			buildActionMask = 2147483647;
			files = (
				459E5C0D1F96497700AB28DE /* TMDBKit.framework in Frameworks */,
			);
			runOnlyForDeploymentPostprocessing = 0;
		};
/* End PBXFrameworksBuildPhase section */

/* Begin PBXGroup section */
		450D94641F96A8F4005E2227 /* Models */ = {
			isa = PBXGroup;
			children = (
				4522269D1F9B683900A433F8 /* Enums.swift */,
				459E5C2A1F96647700AB28DE /* ReturnTypes.swift */,
				457B6BE51F9CFE330058EDD0 /* TMDBAccountState.swift */,
				457B6BE91F9D01EF0058EDD0 /* TMDBAlternativeTitles.swift */,
				45AECDCE1F9803EA008BE58F /* TMDBCertification.swift */,
				45A093131F9D106800D0FCC5 /* TMDBChanges.swift */,
				4524D2A61F9819630037D7E1 /* TMDBChangesListItem.swift */,
				45D254DE1F98430000155882 /* TMDBCollection.swift */,
				45D254E41F989FD700155882 /* TMDBCompany.swift */,
				4522CA451F9A0618003E9153 /* TMDBDiscoverOption.swift */,
				4522CA4A1F9A24DE003E9153 /* TMDBFindResult.swift */,
				4522CACA1F9B3858003E9153 /* TMDBGenre.swift */,
				45A093151F9D148700D0FCC5 /* TMDBImages.swift */,
				45EEC7201F9BD1D90040FCC9 /* TMDBItemStatus.swift */,
				45D049811F9BB440005A4D74 /* TMDBJob.swift */,
				45A093561F9D19CD00D0FCC5 /* TMDBKeywords.swift */,
				450D94671F96AD49005E2227 /* TMDBList.swift */,
				450D946B1F96BEAF005E2227 /* TMDBMediaObject.swift */,
				45C8DF381F9C9FC500D925E8 /* TMDBMovieDetailed.swift */,
				450D94691F96B3C8005E2227 /* TMDBMovieGeneral.swift */,
				45EBF69E1F9D3FF800D0AA62 /* TMDBNetwork.swift */,
				45EBF6941F9D3C2700D0AA62 /* TMDBNowPlayingMovies.swift */,
				45AECDDB1F980645008BE58F /* TMDBPaged.swift */,
				45C28AAA1F9D4264002526DF /* TMDBPerson.swift */,
				45A0935A1F9D1A8900D0FCC5 /* TMDBReleaseDates.swift */,
				45A093661F9D25BB00D0FCC5 /* TMDBReview.swift */,
				45A093621F9D237F00D0FCC5 /* TMDBTranslations.swift */,
				45AECDDA1F980645008BE58F /* TMDBTVEpisodes.swift */,
				4522CA4E1F9A29E5003E9153 /* TMDBTVSeason.swift */,
				450D946D1F96BF80005E2227 /* TMDBTVShow.swift */,
				450D94651F96A8FF005E2227 /* TMDBUser.swift */,
				45A0935E1F9D1C6800D0FCC5 /* TMDBVideos.swift */,
			);
			path = Models;
			sourceTree = "<group>";
		};
		451DFBD91F98106900F501EB /* OpenSource */ = {
			isa = PBXGroup;
			children = (
				459E5C201F9649FF00AB28DE /* KeyChainManager.swift */,
				459E5C281F96570600AB28DE /* SwiftyJSON.swift */,
				451DFBDA1F9810FD00F501EB /* SwiftyJSON_LICENSE */,
				451DFBDC1F98111300F501EB /* TraktKit_LICENSE */,
			);
			path = OpenSource;
			sourceTree = "<group>";
		};
		4522CA561F9A68F6003E9153 /* TMDBKitMac */ = {
			isa = PBXGroup;
			children = (
				4522CA571F9A68F6003E9153 /* TMDBKitMac.h */,
				4522CA581F9A68F6003E9153 /* Info.plist */,
			);
			path = TMDBKitMac;
			sourceTree = "<group>";
		};
		4522CA611F9A68F7003E9153 /* TMDBKitMacTests */ = {
			isa = PBXGroup;
			children = (
				4522CA621F9A68F7003E9153 /* TMDBKitMacTests.swift */,
				4522CA641F9A68F7003E9153 /* Info.plist */,
			);
			path = TMDBKitMacTests;
			sourceTree = "<group>";
		};
		4522CA921F9A6969003E9153 /* TMDBKitTV */ = {
			isa = PBXGroup;
			children = (
				4522CA931F9A6969003E9153 /* TMDBKitTV.h */,
				4522CA941F9A6969003E9153 /* Info.plist */,
			);
			path = TMDBKitTV;
			sourceTree = "<group>";
		};
		4522CA9D1F9A6969003E9153 /* TMDBKitTVTests */ = {
			isa = PBXGroup;
			children = (
				4522CA9E1F9A6969003E9153 /* TMDBKitTVTests.swift */,
				4522CAA01F9A6969003E9153 /* Info.plist */,
			);
			path = TMDBKitTVTests;
			sourceTree = "<group>";
		};
		4598FF721F98E38900571DE0 /* Supporting */ = {
			isa = PBXGroup;
			children = (
				4598FF731F98E39F00571DE0 /* Logo.afdesign */,
				4598FF741F98E39F00571DE0 /* Logo.svg */,
			);
			path = Supporting;
			sourceTree = "<group>";
		};
		459E5BF91F96497700AB28DE = {
			isa = PBXGroup;
			children = (
				451DFBD71F98101500F501EB /* LICENSE */,
				459E5C2C1F96742C00AB28DE /* README.md */,
				459E5C1D1F96497E00AB28DE /* Common */,
				459E5C051F96497700AB28DE /* TMDBKit */,
				459E5C101F96497700AB28DE /* TMDBKitTests */,
				4522CA561F9A68F6003E9153 /* TMDBKitMac */,
				4522CA611F9A68F7003E9153 /* TMDBKitMacTests */,
				4522CA921F9A6969003E9153 /* TMDBKitTV */,
				4522CA9D1F9A6969003E9153 /* TMDBKitTVTests */,
				459E5C041F96497700AB28DE /* Products */,
			);
			sourceTree = "<group>";
		};
		459E5C041F96497700AB28DE /* Products */ = {
			isa = PBXGroup;
			children = (
				459E5C031F96497700AB28DE /* TMDBKit.framework */,
				459E5C0C1F96497700AB28DE /* TMDBKitTests.xctest */,
				4522CA551F9A68F6003E9153 /* TMDBKitMac.framework */,
				4522CA5D1F9A68F7003E9153 /* TMDBKitMacTests.xctest */,
				4522CA911F9A6969003E9153 /* TMDBKitTV.framework */,
				4522CA991F9A6969003E9153 /* TMDBKitTVTests.xctest */,
			);
			name = Products;
			sourceTree = "<group>";
		};
		459E5C051F96497700AB28DE /* TMDBKit */ = {
			isa = PBXGroup;
			children = (
				459E5C061F96497700AB28DE /* TMDBKit.h */,
				459E5C071F96497700AB28DE /* Info.plist */,
			);
			path = TMDBKit;
			sourceTree = "<group>";
		};
		459E5C101F96497700AB28DE /* TMDBKitTests */ = {
			isa = PBXGroup;
			children = (
				459E5C111F96497700AB28DE /* TMDBKitTests.swift */,
				459E5C131F96497700AB28DE /* Info.plist */,
			);
			path = TMDBKitTests;
			sourceTree = "<group>";
		};
		459E5C1D1F96497E00AB28DE /* Common */ = {
			isa = PBXGroup;
			children = (
				4598FF721F98E38900571DE0 /* Supporting */,
				451DFBD91F98106900F501EB /* OpenSource */,
				459E5C1E1F96499200AB28DE /* TMDBManager.swift */,
				459E5C251F96540E00AB28DE /* Extensions */,
				450D94641F96A8F4005E2227 /* Models */,
				459E5C221F9651D200AB28DE /* Wappers */,
			);
			path = Common;
			sourceTree = "<group>";
		};
		459E5C221F9651D200AB28DE /* Wappers */ = {
			isa = PBXGroup;
			children = (
				450D94621F96A6A5005E2227 /* Account.swift */,
				457B6BE31F9CFBF60058EDD0 /* APIWrapper.swift */,
				459E5C231F96520300AB28DE /* Authentication.swift */,
				45AECDD41F98040A008BE58F /* Certifications.swift */,
				4524D2A41F9817720037D7E1 /* Changes.swift */,
				45D254DC1F983C0900155882 /* Collections.swift */,
				45D254E21F989F4B00155882 /* Companies.swift */,
				4598FF6E1F98A5E600571DE0 /* Configuration.swift */,
				4598FF701F98AC9300571DE0 /* Credits.swift */,
				4598FF7D1F99F78700571DE0 /* Discover.swift */,
				4522CA471F9A19B2003E9153 /* Find.swift */,
				4522CAC81F9B3632003E9153 /* Genres.swift */,
				4522269B1F9B649700A433F8 /* GuestSessions.swift */,
				45D049831F9BB4B1005A4D74 /* Jobs.swift */,
				45D049851F9BCA8E005A4D74 /* KeyWords.swift */,
				45EEC71C1F9BCF780040FCC9 /* Lists.swift */,
				45C8DF361F9C9E2400D925E8 /* Movies.swift */,
				45EBF69A1F9D3F4700D0AA62 /* Networks.swift */,
				45EBF6A21F9D408700D0AA62 /* People.swift */,
			);
			path = Wappers;
			sourceTree = "<group>";
		};
		459E5C251F96540E00AB28DE /* Extensions */ = {
			isa = PBXGroup;
			children = (
				459E5C261F96541800AB28DE /* String+.swift */,
			);
			path = Extensions;
			sourceTree = "<group>";
		};
/* End PBXGroup section */

/* Begin PBXHeadersBuildPhase section */
		4522CA521F9A68F6003E9153 /* Headers */ = {
			isa = PBXHeadersBuildPhase;
			buildActionMask = 2147483647;
			files = (
				4522CA651F9A68F7003E9153 /* TMDBKitMac.h in Headers */,
			);
			runOnlyForDeploymentPostprocessing = 0;
		};
		4522CA8E1F9A6969003E9153 /* Headers */ = {
			isa = PBXHeadersBuildPhase;
			buildActionMask = 2147483647;
			files = (
				4522CAA11F9A6969003E9153 /* TMDBKitTV.h in Headers */,
			);
			runOnlyForDeploymentPostprocessing = 0;
		};
		459E5C001F96497700AB28DE /* Headers */ = {
			isa = PBXHeadersBuildPhase;
			buildActionMask = 2147483647;
			files = (
				459E5C141F96497700AB28DE /* TMDBKit.h in Headers */,
			);
			runOnlyForDeploymentPostprocessing = 0;
		};
/* End PBXHeadersBuildPhase section */

/* Begin PBXNativeTarget section */
		4522CA541F9A68F6003E9153 /* TMDBKitMac */ = {
			isa = PBXNativeTarget;
			buildConfigurationList = 4522CA661F9A68F7003E9153 /* Build configuration list for PBXNativeTarget "TMDBKitMac" */;
			buildPhases = (
				4522CA501F9A68F6003E9153 /* Sources */,
				4522CA511F9A68F6003E9153 /* Frameworks */,
				4522CA521F9A68F6003E9153 /* Headers */,
				4522CA531F9A68F6003E9153 /* Resources */,
			);
			buildRules = (
			);
			dependencies = (
			);
			name = TMDBKitMac;
			productName = TMDBKitMac;
			productReference = 4522CA551F9A68F6003E9153 /* TMDBKitMac.framework */;
			productType = "com.apple.product-type.framework";
		};
		4522CA5C1F9A68F7003E9153 /* TMDBKitMacTests */ = {
			isa = PBXNativeTarget;
			buildConfigurationList = 4522CA691F9A68F7003E9153 /* Build configuration list for PBXNativeTarget "TMDBKitMacTests" */;
			buildPhases = (
				4522CA591F9A68F7003E9153 /* Sources */,
				4522CA5A1F9A68F7003E9153 /* Frameworks */,
				4522CA5B1F9A68F7003E9153 /* Resources */,
			);
			buildRules = (
			);
			dependencies = (
				4522CA601F9A68F7003E9153 /* PBXTargetDependency */,
			);
			name = TMDBKitMacTests;
			productName = TMDBKitMacTests;
			productReference = 4522CA5D1F9A68F7003E9153 /* TMDBKitMacTests.xctest */;
			productType = "com.apple.product-type.bundle.unit-test";
		};
		4522CA901F9A6969003E9153 /* TMDBKitTV */ = {
			isa = PBXNativeTarget;
			buildConfigurationList = 4522CAA21F9A6969003E9153 /* Build configuration list for PBXNativeTarget "TMDBKitTV" */;
			buildPhases = (
				4522CA8C1F9A6969003E9153 /* Sources */,
				4522CA8D1F9A6969003E9153 /* Frameworks */,
				4522CA8E1F9A6969003E9153 /* Headers */,
				4522CA8F1F9A6969003E9153 /* Resources */,
			);
			buildRules = (
			);
			dependencies = (
			);
			name = TMDBKitTV;
			productName = TMDBKitTV;
			productReference = 4522CA911F9A6969003E9153 /* TMDBKitTV.framework */;
			productType = "com.apple.product-type.framework";
		};
		4522CA981F9A6969003E9153 /* TMDBKitTVTests */ = {
			isa = PBXNativeTarget;
			buildConfigurationList = 4522CAA51F9A6969003E9153 /* Build configuration list for PBXNativeTarget "TMDBKitTVTests" */;
			buildPhases = (
				4522CA951F9A6969003E9153 /* Sources */,
				4522CA961F9A6969003E9153 /* Frameworks */,
				4522CA971F9A6969003E9153 /* Resources */,
			);
			buildRules = (
			);
			dependencies = (
				4522CA9C1F9A6969003E9153 /* PBXTargetDependency */,
			);
			name = TMDBKitTVTests;
			productName = TMDBKitTVTests;
			productReference = 4522CA991F9A6969003E9153 /* TMDBKitTVTests.xctest */;
			productType = "com.apple.product-type.bundle.unit-test";
		};
		459E5C021F96497700AB28DE /* TMDBKit */ = {
			isa = PBXNativeTarget;
			buildConfigurationList = 459E5C171F96497700AB28DE /* Build configuration list for PBXNativeTarget "TMDBKit" */;
			buildPhases = (
				459E5BFE1F96497700AB28DE /* Sources */,
				459E5BFF1F96497700AB28DE /* Frameworks */,
				459E5C001F96497700AB28DE /* Headers */,
				459E5C011F96497700AB28DE /* Resources */,
			);
			buildRules = (
			);
			dependencies = (
			);
			name = TMDBKit;
			productName = TMDBKit;
			productReference = 459E5C031F96497700AB28DE /* TMDBKit.framework */;
			productType = "com.apple.product-type.framework";
		};
		459E5C0B1F96497700AB28DE /* TMDBKitTests */ = {
			isa = PBXNativeTarget;
			buildConfigurationList = 459E5C1A1F96497700AB28DE /* Build configuration list for PBXNativeTarget "TMDBKitTests" */;
			buildPhases = (
				459E5C081F96497700AB28DE /* Sources */,
				459E5C091F96497700AB28DE /* Frameworks */,
				459E5C0A1F96497700AB28DE /* Resources */,
			);
			buildRules = (
			);
			dependencies = (
				459E5C0F1F96497700AB28DE /* PBXTargetDependency */,
			);
			name = TMDBKitTests;
			productName = TMDBKitTests;
			productReference = 459E5C0C1F96497700AB28DE /* TMDBKitTests.xctest */;
			productType = "com.apple.product-type.bundle.unit-test";
		};
/* End PBXNativeTarget section */

/* Begin PBXProject section */
		459E5BFA1F96497700AB28DE /* Project object */ = {
			isa = PBXProject;
			attributes = {
				LastSwiftUpdateCheck = 0900;
				LastUpgradeCheck = 0900;
				ORGANIZATIONNAME = "Siyuan Cao";
				TargetAttributes = {
					4522CA541F9A68F6003E9153 = {
						CreatedOnToolsVersion = 9.0;
						ProvisioningStyle = Automatic;
					};
					4522CA5C1F9A68F7003E9153 = {
						CreatedOnToolsVersion = 9.0;
						ProvisioningStyle = Automatic;
					};
					4522CA901F9A6969003E9153 = {
						CreatedOnToolsVersion = 9.0;
						ProvisioningStyle = Automatic;
					};
					4522CA981F9A6969003E9153 = {
						CreatedOnToolsVersion = 9.0;
						ProvisioningStyle = Automatic;
					};
					459E5C021F96497700AB28DE = {
						CreatedOnToolsVersion = 9.0;
						LastSwiftMigration = 0900;
						ProvisioningStyle = Automatic;
					};
					459E5C0B1F96497700AB28DE = {
						CreatedOnToolsVersion = 9.0;
						ProvisioningStyle = Automatic;
					};
				};
			};
			buildConfigurationList = 459E5BFD1F96497700AB28DE /* Build configuration list for PBXProject "TMDBKit" */;
			compatibilityVersion = "Xcode 8.0";
			developmentRegion = en;
			hasScannedForEncodings = 0;
			knownRegions = (
				en,
			);
			mainGroup = 459E5BF91F96497700AB28DE;
			productRefGroup = 459E5C041F96497700AB28DE /* Products */;
			projectDirPath = "";
			projectRoot = "";
			targets = (
				459E5C021F96497700AB28DE /* TMDBKit */,
				459E5C0B1F96497700AB28DE /* TMDBKitTests */,
				4522CA541F9A68F6003E9153 /* TMDBKitMac */,
				4522CA5C1F9A68F7003E9153 /* TMDBKitMacTests */,
				4522CA901F9A6969003E9153 /* TMDBKitTV */,
				4522CA981F9A6969003E9153 /* TMDBKitTVTests */,
			);
		};
/* End PBXProject section */

/* Begin PBXResourcesBuildPhase section */
		4522CA531F9A68F6003E9153 /* Resources */ = {
			isa = PBXResourcesBuildPhase;
			buildActionMask = 2147483647;
			files = (
			);
			runOnlyForDeploymentPostprocessing = 0;
		};
		4522CA5B1F9A68F7003E9153 /* Resources */ = {
			isa = PBXResourcesBuildPhase;
			buildActionMask = 2147483647;
			files = (
			);
			runOnlyForDeploymentPostprocessing = 0;
		};
		4522CA8F1F9A6969003E9153 /* Resources */ = {
			isa = PBXResourcesBuildPhase;
			buildActionMask = 2147483647;
			files = (
			);
			runOnlyForDeploymentPostprocessing = 0;
		};
		4522CA971F9A6969003E9153 /* Resources */ = {
			isa = PBXResourcesBuildPhase;
			buildActionMask = 2147483647;
			files = (
			);
			runOnlyForDeploymentPostprocessing = 0;
		};
		459E5C011F96497700AB28DE /* Resources */ = {
			isa = PBXResourcesBuildPhase;
			buildActionMask = 2147483647;
			files = (
				451DFBDB1F9810FD00F501EB /* SwiftyJSON_LICENSE in Resources */,
				451DFBDD1F98111300F501EB /* TraktKit_LICENSE in Resources */,
				451DFBD81F98101500F501EB /* LICENSE in Resources */,
			);
			runOnlyForDeploymentPostprocessing = 0;
		};
		459E5C0A1F96497700AB28DE /* Resources */ = {
			isa = PBXResourcesBuildPhase;
			buildActionMask = 2147483647;
			files = (
			);
			runOnlyForDeploymentPostprocessing = 0;
		};
/* End PBXResourcesBuildPhase section */

/* Begin PBXSourcesBuildPhase section */
		4522CA501F9A68F6003E9153 /* Sources */ = {
			isa = PBXSourcesBuildPhase;
			buildActionMask = 2147483647;
			files = (
				4522CA6C1F9A6923003E9153 /* KeyChainManager.swift in Sources */,
				4522CA6D1F9A6923003E9153 /* SwiftyJSON.swift in Sources */,
				4522CA6E1F9A6927003E9153 /* ReturnTypes.swift in Sources */,
				4522CA6F1F9A6927003E9153 /* TMDBManager.swift in Sources */,
				45EBF6A41F9D408700D0AA62 /* People.swift in Sources */,
				4522CA701F9A692B003E9153 /* String+.swift in Sources */,
				457B6BEB1F9D01EF0058EDD0 /* TMDBAlternativeTitles.swift in Sources */,
				4522CA711F9A692F003E9153 /* TMDBCertification.swift in Sources */,
				45A093171F9D157100D0FCC5 /* TMDBChanges.swift in Sources */,
				4522CA721F9A692F003E9153 /* TMDBChangesListItem.swift in Sources */,
				4522CA731F9A692F003E9153 /* TMDBCollection.swift in Sources */,
				4522CA741F9A692F003E9153 /* TMDBCompany.swift in Sources */,
				4522CA751F9A692F003E9153 /* TMDBDiscoverOption.swift in Sources */,
				4522CA761F9A692F003E9153 /* TMDBFindResult.swift in Sources */,
				45D049B11F9BCB2D005A4D74 /* TMDBGenre.swift in Sources */,
				45EEC7221F9BD1D90040FCC9 /* TMDBItemStatus.swift in Sources */,
				45D049B31F9BCB2D005A4D74 /* TMDBJob.swift in Sources */,
				4522CA781F9A692F003E9153 /* TMDBList.swift in Sources */,
				4522CA791F9A692F003E9153 /* TMDBMediaObject.swift in Sources */,
				45A093601F9D1C6800D0FCC5 /* TMDBVideos.swift in Sources */,
				4522CA7A1F9A692F003E9153 /* TMDBMovieGeneral.swift in Sources */,
				45EBF6A01F9D3FF800D0AA62 /* TMDBNetwork.swift in Sources */,
				45A093181F9D157100D0FCC5 /* TMDBMovieDetailed.swift in Sources */,
				45A093641F9D237F00D0FCC5 /* TMDBTranslations.swift in Sources */,
				4522CA7B1F9A692F003E9153 /* TMDBPaged.swift in Sources */,
				45D049B21F9BCB2D005A4D74 /* Enums.swift in Sources */,
				457B6BE71F9CFE330058EDD0 /* TMDBAccountState.swift in Sources */,
				4522CA7D1F9A692F003E9153 /* TMDBTVEpisodes.swift in Sources */,
				4522CA7E1F9A692F003E9153 /* TMDBTVSeason.swift in Sources */,
				45EBF6961F9D3EBB00D0AA62 /* TMDBNowPlayingMovies.swift in Sources */,
				4522CA7F1F9A692F003E9153 /* TMDBTVShow.swift in Sources */,
				4522CA801F9A692F003E9153 /* TMDBUser.swift in Sources */,
				45A093581F9D19CD00D0FCC5 /* TMDBKeywords.swift in Sources */,
				45A093191F9D157100D0FCC5 /* TMDBImages.swift in Sources */,
				4522CA811F9A6935003E9153 /* Account.swift in Sources */,
				4522CA821F9A6935003E9153 /* Authentication.swift in Sources */,
				4522CA831F9A6935003E9153 /* Certifications.swift in Sources */,
				4522CA841F9A6935003E9153 /* Changes.swift in Sources */,
				4522CA851F9A6935003E9153 /* Collections.swift in Sources */,
				4522CA861F9A6935003E9153 /* Companies.swift in Sources */,
				4522CA871F9A6935003E9153 /* Configuration.swift in Sources */,
				45A0935C1F9D1A8900D0FCC5 /* TMDBReleaseDates.swift in Sources */,
				45EBF69C1F9D3F4700D0AA62 /* Networks.swift in Sources */,
				4522CA881F9A6935003E9153 /* Credits.swift in Sources */,
				45A093681F9D25BB00D0FCC5 /* TMDBReview.swift in Sources */,
				45C28AAC1F9D4264002526DF /* TMDBPerson.swift in Sources */,
				4522CA891F9A6935003E9153 /* Discover.swift in Sources */,
				4522CA8A1F9A6935003E9153 /* Find.swift in Sources */,
				45D049B41F9BCB2D005A4D74 /* Genres.swift in Sources */,
				45D049B51F9BCB2D005A4D74 /* GuestSessions.swift in Sources */,
				45D049B61F9BCB2D005A4D74 /* Jobs.swift in Sources */,
				45D049871F9BCA8E005A4D74 /* KeyWords.swift in Sources */,
				45EEC71E1F9BCF780040FCC9 /* Lists.swift in Sources */,
				45A0931A1F9D157100D0FCC5 /* Movies.swift in Sources */,
				45A0931B1F9D157100D0FCC5 /* APIWrapper.swift in Sources */,
			);
			runOnlyForDeploymentPostprocessing = 0;
		};
		4522CA591F9A68F7003E9153 /* Sources */ = {
			isa = PBXSourcesBuildPhase;
			buildActionMask = 2147483647;
			files = (
				4522CA631F9A68F7003E9153 /* TMDBKitMacTests.swift in Sources */,
			);
			runOnlyForDeploymentPostprocessing = 0;
		};
		4522CA8C1F9A6969003E9153 /* Sources */ = {
			isa = PBXSourcesBuildPhase;
			buildActionMask = 2147483647;
			files = (
				4522CAA81F9A6981003E9153 /* KeyChainManager.swift in Sources */,
				4522CAA91F9A6981003E9153 /* SwiftyJSON.swift in Sources */,
				4522CAAA1F9A6990003E9153 /* ReturnTypes.swift in Sources */,
				4522CAAB1F9A6990003E9153 /* TMDBManager.swift in Sources */,
				45EBF6A51F9D408700D0AA62 /* People.swift in Sources */,
				4522CAAC1F9A6990003E9153 /* String+.swift in Sources */,
				457B6BEC1F9D01EF0058EDD0 /* TMDBAlternativeTitles.swift in Sources */,
				4522CAAD1F9A6990003E9153 /* TMDBCertification.swift in Sources */,
				45A093211F9D177800D0FCC5 /* TMDBChangesListItem.swift in Sources */,
				45A0931C1F9D157E00D0FCC5 /* TMDBChanges.swift in Sources */,
				4522CAAF1F9A6990003E9153 /* TMDBCollection.swift in Sources */,
				4522CAB01F9A6990003E9153 /* TMDBCompany.swift in Sources */,
				4522CAB11F9A6990003E9153 /* TMDBDiscoverOption.swift in Sources */,
				4522CAB21F9A6990003E9153 /* TMDBFindResult.swift in Sources */,
				45D049B71F9BCB3F005A4D74 /* TMDBGenre.swift in Sources */,
				45EEC7231F9BD1D90040FCC9 /* TMDBItemStatus.swift in Sources */,
				45D049B91F9BCB3F005A4D74 /* TMDBJob.swift in Sources */,
				4522CAB41F9A6990003E9153 /* TMDBList.swift in Sources */,
				4522CAB51F9A6990003E9153 /* TMDBMediaObject.swift in Sources */,
				45A093611F9D1C6800D0FCC5 /* TMDBVideos.swift in Sources */,
				4522CAB61F9A6990003E9153 /* TMDBMovieGeneral.swift in Sources */,
				45EBF6A11F9D3FF800D0AA62 /* TMDBNetwork.swift in Sources */,
				45A0931D1F9D157E00D0FCC5 /* TMDBMovieDetailed.swift in Sources */,
				45A093651F9D237F00D0FCC5 /* TMDBTranslations.swift in Sources */,
				4522CAB71F9A6990003E9153 /* TMDBPaged.swift in Sources */,
				45D049B81F9BCB3F005A4D74 /* Enums.swift in Sources */,
				457B6BE81F9CFE330058EDD0 /* TMDBAccountState.swift in Sources */,
				45EBF6971F9D3EBF00D0AA62 /* TMDBNowPlayingMovies.swift in Sources */,
				4522CAB91F9A6990003E9153 /* TMDBTVEpisodes.swift in Sources */,
				4522CABA1F9A6990003E9153 /* TMDBTVSeason.swift in Sources */,
				4522CABB1F9A6990003E9153 /* TMDBTVShow.swift in Sources */,
				4522CABC1F9A6990003E9153 /* TMDBUser.swift in Sources */,
				45A093591F9D19CD00D0FCC5 /* TMDBKeywords.swift in Sources */,
				45A0931E1F9D157E00D0FCC5 /* TMDBImages.swift in Sources */,
				4522CABD1F9A6990003E9153 /* Account.swift in Sources */,
				4522CABE1F9A6990003E9153 /* Authentication.swift in Sources */,
				4522CABF1F9A6990003E9153 /* Certifications.swift in Sources */,
				4522CAC01F9A6990003E9153 /* Changes.swift in Sources */,
				4522CAC11F9A6990003E9153 /* Collections.swift in Sources */,
				4522CAC21F9A6990003E9153 /* Companies.swift in Sources */,
				4522CAC31F9A6990003E9153 /* Configuration.swift in Sources */,
				45A0935D1F9D1A8900D0FCC5 /* TMDBReleaseDates.swift in Sources */,
				45EBF69D1F9D3F4700D0AA62 /* Networks.swift in Sources */,
				4522CAC41F9A6990003E9153 /* Credits.swift in Sources */,
				45A093691F9D25BB00D0FCC5 /* TMDBReview.swift in Sources */,
				45C28AAD1F9D4264002526DF /* TMDBPerson.swift in Sources */,
				4522CAC51F9A6990003E9153 /* Discover.swift in Sources */,
				4522CAC61F9A6990003E9153 /* Find.swift in Sources */,
				45D049BA1F9BCB3F005A4D74 /* Genres.swift in Sources */,
				45D049BB1F9BCB3F005A4D74 /* GuestSessions.swift in Sources */,
				45D049BC1F9BCB3F005A4D74 /* Jobs.swift in Sources */,
				45D049881F9BCA8E005A4D74 /* KeyWords.swift in Sources */,
				45EEC71F1F9BCF780040FCC9 /* Lists.swift in Sources */,
				45A0931F1F9D157E00D0FCC5 /* Movies.swift in Sources */,
				45A093201F9D157E00D0FCC5 /* APIWrapper.swift in Sources */,
			);
			runOnlyForDeploymentPostprocessing = 0;
		};
		4522CA951F9A6969003E9153 /* Sources */ = {
			isa = PBXSourcesBuildPhase;
			buildActionMask = 2147483647;
			files = (
				4522CA9F1F9A6969003E9153 /* TMDBKitTVTests.swift in Sources */,
			);
			runOnlyForDeploymentPostprocessing = 0;
		};
		459E5BFE1F96497700AB28DE /* Sources */ = {
			isa = PBXSourcesBuildPhase;
			buildActionMask = 2147483647;
			files = (
				45A093231F9D17B600D0FCC5 /* KeyChainManager.swift in Sources */,
				45A093241F9D17B600D0FCC5 /* SwiftyJSON.swift in Sources */,
				45A093251F9D17B600D0FCC5 /* ReturnTypes.swift in Sources */,
				45A093261F9D17B600D0FCC5 /* TMDBManager.swift in Sources */,
				45EBF6A31F9D408700D0AA62 /* People.swift in Sources */,
				45A093271F9D17B600D0FCC5 /* String+.swift in Sources */,
				45A093281F9D17B600D0FCC5 /* TMDBAlternativeTitles.swift in Sources */,
				45A093291F9D17B600D0FCC5 /* TMDBCertification.swift in Sources */,
				45A0932A1F9D17B600D0FCC5 /* TMDBChanges.swift in Sources */,
				45A0932B1F9D17B600D0FCC5 /* TMDBChangesListItem.swift in Sources */,
				45A0932C1F9D17B600D0FCC5 /* TMDBCollection.swift in Sources */,
				45A0932D1F9D17B600D0FCC5 /* TMDBCompany.swift in Sources */,
				45A0932E1F9D17B600D0FCC5 /* TMDBDiscoverOption.swift in Sources */,
				45A0932F1F9D17B600D0FCC5 /* TMDBFindResult.swift in Sources */,
				45A093301F9D17B600D0FCC5 /* TMDBGenre.swift in Sources */,
				45A093321F9D17B600D0FCC5 /* TMDBItemStatus.swift in Sources */,
				45A093331F9D17B600D0FCC5 /* TMDBJob.swift in Sources */,
				45A093351F9D17B600D0FCC5 /* TMDBList.swift in Sources */,
				45A093361F9D17B600D0FCC5 /* TMDBMediaObject.swift in Sources */,
				45A0935F1F9D1C6800D0FCC5 /* TMDBVideos.swift in Sources */,
				45A093371F9D17B600D0FCC5 /* TMDBMovieGeneral.swift in Sources */,
				45EBF69F1F9D3FF800D0AA62 /* TMDBNetwork.swift in Sources */,
				45A093381F9D17B600D0FCC5 /* TMDBMovieDetailed.swift in Sources */,
				45A093631F9D237F00D0FCC5 /* TMDBTranslations.swift in Sources */,
				45A093391F9D17B600D0FCC5 /* TMDBPaged.swift in Sources */,
				45A0933B1F9D17B600D0FCC5 /* Enums.swift in Sources */,
				45A0933C1F9D17B600D0FCC5 /* TMDBAccountState.swift in Sources */,
				45A0933D1F9D17B600D0FCC5 /* TMDBTVEpisodes.swift in Sources */,
				45A0933E1F9D17B600D0FCC5 /* TMDBTVSeason.swift in Sources */,
				45A0933F1F9D17B600D0FCC5 /* TMDBTVShow.swift in Sources */,
				45EBF6951F9D3C2700D0AA62 /* TMDBNowPlayingMovies.swift in Sources */,
				45A093401F9D17B600D0FCC5 /* TMDBUser.swift in Sources */,
				45A093571F9D19CD00D0FCC5 /* TMDBKeywords.swift in Sources */,
				45A093411F9D17B600D0FCC5 /* TMDBImages.swift in Sources */,
				45A093421F9D17B600D0FCC5 /* Account.swift in Sources */,
				45A093431F9D17B600D0FCC5 /* Authentication.swift in Sources */,
				45A093441F9D17B600D0FCC5 /* Certifications.swift in Sources */,
				45A093451F9D17B600D0FCC5 /* Changes.swift in Sources */,
				45A093461F9D17B600D0FCC5 /* Collections.swift in Sources */,
				45A093471F9D17B600D0FCC5 /* Companies.swift in Sources */,
				45A093481F9D17B600D0FCC5 /* Configuration.swift in Sources */,
				45A0935B1F9D1A8900D0FCC5 /* TMDBReleaseDates.swift in Sources */,
				45EBF69B1F9D3F4700D0AA62 /* Networks.swift in Sources */,
				45A093491F9D17B600D0FCC5 /* Credits.swift in Sources */,
				45A093671F9D25BB00D0FCC5 /* TMDBReview.swift in Sources */,
				45C28AAB1F9D4264002526DF /* TMDBPerson.swift in Sources */,
				45A0934A1F9D17B600D0FCC5 /* Discover.swift in Sources */,
				45A0934B1F9D17B600D0FCC5 /* Find.swift in Sources */,
				45A0934C1F9D17B600D0FCC5 /* Genres.swift in Sources */,
				45A0934D1F9D17B600D0FCC5 /* GuestSessions.swift in Sources */,
				45A0934F1F9D17B600D0FCC5 /* Jobs.swift in Sources */,
				45A093501F9D17B600D0FCC5 /* KeyWords.swift in Sources */,
				45A093511F9D17B600D0FCC5 /* Lists.swift in Sources */,
				45A093521F9D17B600D0FCC5 /* Movies.swift in Sources */,
				45A093531F9D17B600D0FCC5 /* APIWrapper.swift in Sources */,
			);
			runOnlyForDeploymentPostprocessing = 0;
		};
		459E5C081F96497700AB28DE /* Sources */ = {
			isa = PBXSourcesBuildPhase;
			buildActionMask = 2147483647;
			files = (
				459E5C121F96497700AB28DE /* TMDBKitTests.swift in Sources */,
			);
			runOnlyForDeploymentPostprocessing = 0;
		};
/* End PBXSourcesBuildPhase section */

/* Begin PBXTargetDependency section */
		4522CA601F9A68F7003E9153 /* PBXTargetDependency */ = {
			isa = PBXTargetDependency;
			target = 4522CA541F9A68F6003E9153 /* TMDBKitMac */;
			targetProxy = 4522CA5F1F9A68F7003E9153 /* PBXContainerItemProxy */;
		};
		4522CA9C1F9A6969003E9153 /* PBXTargetDependency */ = {
			isa = PBXTargetDependency;
			target = 4522CA901F9A6969003E9153 /* TMDBKitTV */;
			targetProxy = 4522CA9B1F9A6969003E9153 /* PBXContainerItemProxy */;
		};
		459E5C0F1F96497700AB28DE /* PBXTargetDependency */ = {
			isa = PBXTargetDependency;
			target = 459E5C021F96497700AB28DE /* TMDBKit */;
			targetProxy = 459E5C0E1F96497700AB28DE /* PBXContainerItemProxy */;
		};
/* End PBXTargetDependency section */

/* Begin XCBuildConfiguration section */
		4522CA671F9A68F7003E9153 /* Debug */ = {
			isa = XCBuildConfiguration;
			buildSettings = {
				CODE_SIGN_IDENTITY = "Mac Developer";
				CODE_SIGN_STYLE = Automatic;
				COMBINE_HIDPI_IMAGES = YES;
				DEFINES_MODULE = YES;
				DEVELOPMENT_TEAM = E479487U55;
				DYLIB_COMPATIBILITY_VERSION = 1;
				DYLIB_CURRENT_VERSION = 1;
				DYLIB_INSTALL_NAME_BASE = "@rpath";
				FRAMEWORK_VERSION = A;
				INFOPLIST_FILE = TMDBKitMac/Info.plist;
				INSTALL_PATH = "$(LOCAL_LIBRARY_DIR)/Frameworks";
				LD_RUNPATH_SEARCH_PATHS = "$(inherited) @executable_path/../Frameworks @loader_path/Frameworks";
				MACOSX_DEPLOYMENT_TARGET = 10.13;
				PRODUCT_BUNDLE_IDENTIFIER = im.sr2k.TMDBKitMac;
				PRODUCT_NAME = "$(TARGET_NAME:c99extidentifier)";
				SDKROOT = macosx;
				SKIP_INSTALL = YES;
				SWIFT_VERSION = 4.0;
			};
			name = Debug;
		};
		4522CA681F9A68F7003E9153 /* Release */ = {
			isa = XCBuildConfiguration;
			buildSettings = {
				CODE_SIGN_IDENTITY = "Mac Developer";
				CODE_SIGN_STYLE = Automatic;
				COMBINE_HIDPI_IMAGES = YES;
				DEFINES_MODULE = YES;
				DEVELOPMENT_TEAM = E479487U55;
				DYLIB_COMPATIBILITY_VERSION = 1;
				DYLIB_CURRENT_VERSION = 1;
				DYLIB_INSTALL_NAME_BASE = "@rpath";
				FRAMEWORK_VERSION = A;
				INFOPLIST_FILE = TMDBKitMac/Info.plist;
				INSTALL_PATH = "$(LOCAL_LIBRARY_DIR)/Frameworks";
				LD_RUNPATH_SEARCH_PATHS = "$(inherited) @executable_path/../Frameworks @loader_path/Frameworks";
				MACOSX_DEPLOYMENT_TARGET = 10.13;
				PRODUCT_BUNDLE_IDENTIFIER = im.sr2k.TMDBKitMac;
				PRODUCT_NAME = "$(TARGET_NAME:c99extidentifier)";
				SDKROOT = macosx;
				SKIP_INSTALL = YES;
				SWIFT_VERSION = 4.0;
			};
			name = Release;
		};
		4522CA6A1F9A68F7003E9153 /* Debug */ = {
			isa = XCBuildConfiguration;
			buildSettings = {
				ALWAYS_EMBED_SWIFT_STANDARD_LIBRARIES = YES;
				CODE_SIGN_IDENTITY = "Mac Developer";
				CODE_SIGN_STYLE = Automatic;
				COMBINE_HIDPI_IMAGES = YES;
				DEVELOPMENT_TEAM = E479487U55;
				INFOPLIST_FILE = TMDBKitMacTests/Info.plist;
				LD_RUNPATH_SEARCH_PATHS = "$(inherited) @executable_path/../Frameworks @loader_path/../Frameworks";
				MACOSX_DEPLOYMENT_TARGET = 10.13;
				PRODUCT_BUNDLE_IDENTIFIER = im.sr2k.TMDBKitMacTests;
				PRODUCT_NAME = "$(TARGET_NAME)";
				SDKROOT = macosx;
				SWIFT_VERSION = 4.0;
			};
			name = Debug;
		};
		4522CA6B1F9A68F7003E9153 /* Release */ = {
			isa = XCBuildConfiguration;
			buildSettings = {
				ALWAYS_EMBED_SWIFT_STANDARD_LIBRARIES = YES;
				CODE_SIGN_IDENTITY = "Mac Developer";
				CODE_SIGN_STYLE = Automatic;
				COMBINE_HIDPI_IMAGES = YES;
				DEVELOPMENT_TEAM = E479487U55;
				INFOPLIST_FILE = TMDBKitMacTests/Info.plist;
				LD_RUNPATH_SEARCH_PATHS = "$(inherited) @executable_path/../Frameworks @loader_path/../Frameworks";
				MACOSX_DEPLOYMENT_TARGET = 10.13;
				PRODUCT_BUNDLE_IDENTIFIER = im.sr2k.TMDBKitMacTests;
				PRODUCT_NAME = "$(TARGET_NAME)";
				SDKROOT = macosx;
				SWIFT_VERSION = 4.0;
			};
			name = Release;
		};
		4522CAA31F9A6969003E9153 /* Debug */ = {
			isa = XCBuildConfiguration;
			buildSettings = {
				CODE_SIGN_IDENTITY = "";
				CODE_SIGN_STYLE = Automatic;
				DEFINES_MODULE = YES;
				DEVELOPMENT_TEAM = E479487U55;
				DYLIB_COMPATIBILITY_VERSION = 1;
				DYLIB_CURRENT_VERSION = 1;
				DYLIB_INSTALL_NAME_BASE = "@rpath";
				INFOPLIST_FILE = TMDBKitTV/Info.plist;
				INSTALL_PATH = "$(LOCAL_LIBRARY_DIR)/Frameworks";
				LD_RUNPATH_SEARCH_PATHS = "$(inherited) @executable_path/Frameworks @loader_path/Frameworks";
				PRODUCT_BUNDLE_IDENTIFIER = im.sr2k.TMDBKitTV;
				PRODUCT_NAME = "$(TARGET_NAME:c99extidentifier)";
				SDKROOT = appletvos;
				SKIP_INSTALL = YES;
				SWIFT_VERSION = 4.0;
				TARGETED_DEVICE_FAMILY = 3;
				TVOS_DEPLOYMENT_TARGET = 11.0;
			};
			name = Debug;
		};
		4522CAA41F9A6969003E9153 /* Release */ = {
			isa = XCBuildConfiguration;
			buildSettings = {
				CODE_SIGN_IDENTITY = "";
				CODE_SIGN_STYLE = Automatic;
				DEFINES_MODULE = YES;
				DEVELOPMENT_TEAM = E479487U55;
				DYLIB_COMPATIBILITY_VERSION = 1;
				DYLIB_CURRENT_VERSION = 1;
				DYLIB_INSTALL_NAME_BASE = "@rpath";
				INFOPLIST_FILE = TMDBKitTV/Info.plist;
				INSTALL_PATH = "$(LOCAL_LIBRARY_DIR)/Frameworks";
				LD_RUNPATH_SEARCH_PATHS = "$(inherited) @executable_path/Frameworks @loader_path/Frameworks";
				PRODUCT_BUNDLE_IDENTIFIER = im.sr2k.TMDBKitTV;
				PRODUCT_NAME = "$(TARGET_NAME:c99extidentifier)";
				SDKROOT = appletvos;
				SKIP_INSTALL = YES;
				SWIFT_VERSION = 4.0;
				TARGETED_DEVICE_FAMILY = 3;
				TVOS_DEPLOYMENT_TARGET = 11.0;
			};
			name = Release;
		};
		4522CAA61F9A6969003E9153 /* Debug */ = {
			isa = XCBuildConfiguration;
			buildSettings = {
				ALWAYS_EMBED_SWIFT_STANDARD_LIBRARIES = YES;
				CODE_SIGN_STYLE = Automatic;
				DEVELOPMENT_TEAM = E479487U55;
				INFOPLIST_FILE = TMDBKitTVTests/Info.plist;
				LD_RUNPATH_SEARCH_PATHS = "$(inherited) @executable_path/Frameworks @loader_path/Frameworks";
				PRODUCT_BUNDLE_IDENTIFIER = im.sr2k.TMDBKitTVTests;
				PRODUCT_NAME = "$(TARGET_NAME)";
				SDKROOT = appletvos;
				SWIFT_VERSION = 4.0;
				TARGETED_DEVICE_FAMILY = 3;
				TVOS_DEPLOYMENT_TARGET = 11.0;
			};
			name = Debug;
		};
		4522CAA71F9A6969003E9153 /* Release */ = {
			isa = XCBuildConfiguration;
			buildSettings = {
				ALWAYS_EMBED_SWIFT_STANDARD_LIBRARIES = YES;
				CODE_SIGN_STYLE = Automatic;
				DEVELOPMENT_TEAM = E479487U55;
				INFOPLIST_FILE = TMDBKitTVTests/Info.plist;
				LD_RUNPATH_SEARCH_PATHS = "$(inherited) @executable_path/Frameworks @loader_path/Frameworks";
				PRODUCT_BUNDLE_IDENTIFIER = im.sr2k.TMDBKitTVTests;
				PRODUCT_NAME = "$(TARGET_NAME)";
				SDKROOT = appletvos;
				SWIFT_VERSION = 4.0;
				TARGETED_DEVICE_FAMILY = 3;
				TVOS_DEPLOYMENT_TARGET = 11.0;
			};
			name = Release;
		};
		459E5C151F96497700AB28DE /* Debug */ = {
			isa = XCBuildConfiguration;
			buildSettings = {
				ALWAYS_SEARCH_USER_PATHS = NO;
				CLANG_ANALYZER_NONNULL = YES;
				CLANG_ANALYZER_NUMBER_OBJECT_CONVERSION = YES_AGGRESSIVE;
				CLANG_CXX_LANGUAGE_STANDARD = "gnu++14";
				CLANG_CXX_LIBRARY = "libc++";
				CLANG_ENABLE_MODULES = YES;
				CLANG_ENABLE_OBJC_ARC = YES;
				CLANG_WARN_BLOCK_CAPTURE_AUTORELEASING = YES;
				CLANG_WARN_BOOL_CONVERSION = YES;
				CLANG_WARN_COMMA = YES;
				CLANG_WARN_CONSTANT_CONVERSION = YES;
				CLANG_WARN_DIRECT_OBJC_ISA_USAGE = YES_ERROR;
				CLANG_WARN_DOCUMENTATION_COMMENTS = YES;
				CLANG_WARN_EMPTY_BODY = YES;
				CLANG_WARN_ENUM_CONVERSION = YES;
				CLANG_WARN_INFINITE_RECURSION = YES;
				CLANG_WARN_INT_CONVERSION = YES;
				CLANG_WARN_NON_LITERAL_NULL_CONVERSION = YES;
				CLANG_WARN_OBJC_LITERAL_CONVERSION = YES;
				CLANG_WARN_OBJC_ROOT_CLASS = YES_ERROR;
				CLANG_WARN_RANGE_LOOP_ANALYSIS = YES;
				CLANG_WARN_STRICT_PROTOTYPES = YES;
				CLANG_WARN_SUSPICIOUS_MOVE = YES;
				CLANG_WARN_UNGUARDED_AVAILABILITY = YES_AGGRESSIVE;
				CLANG_WARN_UNREACHABLE_CODE = YES;
				CLANG_WARN__DUPLICATE_METHOD_MATCH = YES;
				CODE_SIGN_IDENTITY = "iPhone Developer";
				COPY_PHASE_STRIP = NO;
				CURRENT_PROJECT_VERSION = 1;
				DEBUG_INFORMATION_FORMAT = dwarf;
				ENABLE_STRICT_OBJC_MSGSEND = YES;
				ENABLE_TESTABILITY = YES;
				GCC_C_LANGUAGE_STANDARD = gnu11;
				GCC_DYNAMIC_NO_PIC = NO;
				GCC_NO_COMMON_BLOCKS = YES;
				GCC_OPTIMIZATION_LEVEL = s;
				GCC_PREPROCESSOR_DEFINITIONS = (
					"DEBUG=1",
					"$(inherited)",
				);
				GCC_WARN_64_TO_32_BIT_CONVERSION = YES;
				GCC_WARN_ABOUT_RETURN_TYPE = YES_ERROR;
				GCC_WARN_UNDECLARED_SELECTOR = YES;
				GCC_WARN_UNINITIALIZED_AUTOS = YES_AGGRESSIVE;
				GCC_WARN_UNUSED_FUNCTION = YES;
				GCC_WARN_UNUSED_VARIABLE = YES;
				IPHONEOS_DEPLOYMENT_TARGET = 11.0;
				MTL_ENABLE_DEBUG_INFO = YES;
				ONLY_ACTIVE_ARCH = YES;
				SDKROOT = iphoneos;
				SWIFT_ACTIVE_COMPILATION_CONDITIONS = DEBUG;
				SWIFT_OPTIMIZATION_LEVEL = "-Owholemodule";
				VERSIONING_SYSTEM = "apple-generic";
				VERSION_INFO_PREFIX = "";
			};
			name = Debug;
		};
		459E5C161F96497700AB28DE /* Release */ = {
			isa = XCBuildConfiguration;
			buildSettings = {
				ALWAYS_SEARCH_USER_PATHS = NO;
				CLANG_ANALYZER_NONNULL = YES;
				CLANG_ANALYZER_NUMBER_OBJECT_CONVERSION = YES_AGGRESSIVE;
				CLANG_CXX_LANGUAGE_STANDARD = "gnu++14";
				CLANG_CXX_LIBRARY = "libc++";
				CLANG_ENABLE_MODULES = YES;
				CLANG_ENABLE_OBJC_ARC = YES;
				CLANG_WARN_BLOCK_CAPTURE_AUTORELEASING = YES;
				CLANG_WARN_BOOL_CONVERSION = YES;
				CLANG_WARN_COMMA = YES;
				CLANG_WARN_CONSTANT_CONVERSION = YES;
				CLANG_WARN_DIRECT_OBJC_ISA_USAGE = YES_ERROR;
				CLANG_WARN_DOCUMENTATION_COMMENTS = YES;
				CLANG_WARN_EMPTY_BODY = YES;
				CLANG_WARN_ENUM_CONVERSION = YES;
				CLANG_WARN_INFINITE_RECURSION = YES;
				CLANG_WARN_INT_CONVERSION = YES;
				CLANG_WARN_NON_LITERAL_NULL_CONVERSION = YES;
				CLANG_WARN_OBJC_LITERAL_CONVERSION = YES;
				CLANG_WARN_OBJC_ROOT_CLASS = YES_ERROR;
				CLANG_WARN_RANGE_LOOP_ANALYSIS = YES;
				CLANG_WARN_STRICT_PROTOTYPES = YES;
				CLANG_WARN_SUSPICIOUS_MOVE = YES;
				CLANG_WARN_UNGUARDED_AVAILABILITY = YES_AGGRESSIVE;
				CLANG_WARN_UNREACHABLE_CODE = YES;
				CLANG_WARN__DUPLICATE_METHOD_MATCH = YES;
				CODE_SIGN_IDENTITY = "iPhone Developer";
				COPY_PHASE_STRIP = NO;
				CURRENT_PROJECT_VERSION = 1;
				DEBUG_INFORMATION_FORMAT = "dwarf-with-dsym";
				ENABLE_NS_ASSERTIONS = NO;
				ENABLE_STRICT_OBJC_MSGSEND = YES;
				GCC_C_LANGUAGE_STANDARD = gnu11;
				GCC_NO_COMMON_BLOCKS = YES;
				GCC_OPTIMIZATION_LEVEL = s;
				GCC_WARN_64_TO_32_BIT_CONVERSION = YES;
				GCC_WARN_ABOUT_RETURN_TYPE = YES_ERROR;
				GCC_WARN_UNDECLARED_SELECTOR = YES;
				GCC_WARN_UNINITIALIZED_AUTOS = YES_AGGRESSIVE;
				GCC_WARN_UNUSED_FUNCTION = YES;
				GCC_WARN_UNUSED_VARIABLE = YES;
				IPHONEOS_DEPLOYMENT_TARGET = 11.0;
				MTL_ENABLE_DEBUG_INFO = NO;
				SDKROOT = iphoneos;
				SWIFT_OPTIMIZATION_LEVEL = "-Owholemodule";
				VALIDATE_PRODUCT = YES;
				VERSIONING_SYSTEM = "apple-generic";
				VERSION_INFO_PREFIX = "";
			};
			name = Release;
		};
		459E5C181F96497700AB28DE /* Debug */ = {
			isa = XCBuildConfiguration;
			buildSettings = {
				CLANG_ENABLE_MODULES = YES;
				CODE_SIGN_IDENTITY = "";
				CODE_SIGN_STYLE = Automatic;
				DEFINES_MODULE = YES;
				DEVELOPMENT_TEAM = E479487U55;
				DYLIB_COMPATIBILITY_VERSION = 1;
				DYLIB_CURRENT_VERSION = 1;
				DYLIB_INSTALL_NAME_BASE = "@rpath";
				INFOPLIST_FILE = TMDBKit/Info.plist;
				INSTALL_PATH = "$(LOCAL_LIBRARY_DIR)/Frameworks";
				LD_RUNPATH_SEARCH_PATHS = "$(inherited) @executable_path/Frameworks @loader_path/Frameworks";
				PRODUCT_BUNDLE_IDENTIFIER = im.sr2k.TMDBKit;
				PRODUCT_NAME = "$(TARGET_NAME:c99extidentifier)";
				SKIP_INSTALL = YES;
				SWIFT_OPTIMIZATION_LEVEL = "-Onone";
				SWIFT_VERSION = 4.0;
				TARGETED_DEVICE_FAMILY = "1,2";
			};
			name = Debug;
		};
		459E5C191F96497700AB28DE /* Release */ = {
			isa = XCBuildConfiguration;
			buildSettings = {
				CLANG_ENABLE_MODULES = YES;
				CODE_SIGN_IDENTITY = "";
				CODE_SIGN_STYLE = Automatic;
				DEFINES_MODULE = YES;
				DEVELOPMENT_TEAM = E479487U55;
				DYLIB_COMPATIBILITY_VERSION = 1;
				DYLIB_CURRENT_VERSION = 1;
				DYLIB_INSTALL_NAME_BASE = "@rpath";
				INFOPLIST_FILE = TMDBKit/Info.plist;
				INSTALL_PATH = "$(LOCAL_LIBRARY_DIR)/Frameworks";
				LD_RUNPATH_SEARCH_PATHS = "$(inherited) @executable_path/Frameworks @loader_path/Frameworks";
				PRODUCT_BUNDLE_IDENTIFIER = im.sr2k.TMDBKit;
				PRODUCT_NAME = "$(TARGET_NAME:c99extidentifier)";
				SKIP_INSTALL = YES;
				SWIFT_VERSION = 4.0;
				TARGETED_DEVICE_FAMILY = "1,2";
			};
			name = Release;
		};
		459E5C1B1F96497700AB28DE /* Debug */ = {
			isa = XCBuildConfiguration;
			buildSettings = {
				ALWAYS_EMBED_SWIFT_STANDARD_LIBRARIES = YES;
				CODE_SIGN_STYLE = Automatic;
				DEVELOPMENT_TEAM = E479487U55;
				INFOPLIST_FILE = TMDBKitTests/Info.plist;
				LD_RUNPATH_SEARCH_PATHS = "$(inherited) @executable_path/Frameworks @loader_path/Frameworks";
				PRODUCT_BUNDLE_IDENTIFIER = im.sr2k.TMDBKitTests;
				PRODUCT_NAME = "$(TARGET_NAME)";
				SWIFT_VERSION = 4.0;
				TARGETED_DEVICE_FAMILY = "1,2";
			};
			name = Debug;
		};
		459E5C1C1F96497700AB28DE /* Release */ = {
			isa = XCBuildConfiguration;
			buildSettings = {
				ALWAYS_EMBED_SWIFT_STANDARD_LIBRARIES = YES;
				CODE_SIGN_STYLE = Automatic;
				DEVELOPMENT_TEAM = E479487U55;
				INFOPLIST_FILE = TMDBKitTests/Info.plist;
				LD_RUNPATH_SEARCH_PATHS = "$(inherited) @executable_path/Frameworks @loader_path/Frameworks";
				PRODUCT_BUNDLE_IDENTIFIER = im.sr2k.TMDBKitTests;
				PRODUCT_NAME = "$(TARGET_NAME)";
				SWIFT_VERSION = 4.0;
				TARGETED_DEVICE_FAMILY = "1,2";
			};
			name = Release;
		};
/* End XCBuildConfiguration section */

/* Begin XCConfigurationList section */
		4522CA661F9A68F7003E9153 /* Build configuration list for PBXNativeTarget "TMDBKitMac" */ = {
			isa = XCConfigurationList;
			buildConfigurations = (
				4522CA671F9A68F7003E9153 /* Debug */,
				4522CA681F9A68F7003E9153 /* Release */,
			);
			defaultConfigurationIsVisible = 0;
			defaultConfigurationName = Release;
		};
		4522CA691F9A68F7003E9153 /* Build configuration list for PBXNativeTarget "TMDBKitMacTests" */ = {
			isa = XCConfigurationList;
			buildConfigurations = (
				4522CA6A1F9A68F7003E9153 /* Debug */,
				4522CA6B1F9A68F7003E9153 /* Release */,
			);
			defaultConfigurationIsVisible = 0;
			defaultConfigurationName = Release;
		};
		4522CAA21F9A6969003E9153 /* Build configuration list for PBXNativeTarget "TMDBKitTV" */ = {
			isa = XCConfigurationList;
			buildConfigurations = (
				4522CAA31F9A6969003E9153 /* Debug */,
				4522CAA41F9A6969003E9153 /* Release */,
			);
			defaultConfigurationIsVisible = 0;
			defaultConfigurationName = Release;
		};
		4522CAA51F9A6969003E9153 /* Build configuration list for PBXNativeTarget "TMDBKitTVTests" */ = {
			isa = XCConfigurationList;
			buildConfigurations = (
				4522CAA61F9A6969003E9153 /* Debug */,
				4522CAA71F9A6969003E9153 /* Release */,
			);
			defaultConfigurationIsVisible = 0;
			defaultConfigurationName = Release;
		};
		459E5BFD1F96497700AB28DE /* Build configuration list for PBXProject "TMDBKit" */ = {
			isa = XCConfigurationList;
			buildConfigurations = (
				459E5C151F96497700AB28DE /* Debug */,
				459E5C161F96497700AB28DE /* Release */,
			);
			defaultConfigurationIsVisible = 0;
			defaultConfigurationName = Release;
		};
		459E5C171F96497700AB28DE /* Build configuration list for PBXNativeTarget "TMDBKit" */ = {
			isa = XCConfigurationList;
			buildConfigurations = (
				459E5C181F96497700AB28DE /* Debug */,
				459E5C191F96497700AB28DE /* Release */,
			);
			defaultConfigurationIsVisible = 0;
			defaultConfigurationName = Release;
		};
		459E5C1A1F96497700AB28DE /* Build configuration list for PBXNativeTarget "TMDBKitTests" */ = {
			isa = XCConfigurationList;
			buildConfigurations = (
				459E5C1B1F96497700AB28DE /* Debug */,
				459E5C1C1F96497700AB28DE /* Release */,
			);
			defaultConfigurationIsVisible = 0;
			defaultConfigurationName = Release;
		};
/* End XCConfigurationList section */
	};
	rootObject = 459E5BFA1F96497700AB28DE /* Project object */;
}
