// !$*UTF8*$!
{
	archiveVersion = 1;
	classes = {
	};
	objectVersion = 48;
	objects = {

/* Begin PBXBuildFile section */
		450D94631F96A6A5005E2227 /* Account.swift in Sources */ = {isa = PBXBuildFile; fileRef = 450D94621F96A6A5005E2227 /* Account.swift */; };
		459E5C0D1F96497700AB28DE /* TMDBKit.framework in Frameworks */ = {isa = PBXBuildFile; fileRef = 459E5C031F96497700AB28DE /* TMDBKit.framework */; };
		459E5C121F96497700AB28DE /* TMDBKitTests.swift in Sources */ = {isa = PBXBuildFile; fileRef = 459E5C111F96497700AB28DE /* TMDBKitTests.swift */; };
		459E5C141F96497700AB28DE /* TMDBKit.h in Headers */ = {isa = PBXBuildFile; fileRef = 459E5C061F96497700AB28DE /* TMDBKit.h */; settings = {ATTRIBUTES = (Public, ); }; };
		459E5C1F1F96499200AB28DE /* TMDBManager.swift in Sources */ = {isa = PBXBuildFile; fileRef = 459E5C1E1F96499200AB28DE /* TMDBManager.swift */; };
		459E5C211F9649FF00AB28DE /* KeyChainManager.swift in Sources */ = {isa = PBXBuildFile; fileRef = 459E5C201F9649FF00AB28DE /* KeyChainManager.swift */; };
		459E5C241F96520300AB28DE /* Authentication.swift in Sources */ = {isa = PBXBuildFile; fileRef = 459E5C231F96520300AB28DE /* Authentication.swift */; };
		459E5C271F96541800AB28DE /* String+.swift in Sources */ = {isa = PBXBuildFile; fileRef = 459E5C261F96541800AB28DE /* String+.swift */; };
		459E5C291F96570600AB28DE /* SwiftyJSON.swift in Sources */ = {isa = PBXBuildFile; fileRef = 459E5C281F96570600AB28DE /* SwiftyJSON.swift */; };
		459E5C2B1F96647700AB28DE /* ReturnTypes.swift in Sources */ = {isa = PBXBuildFile; fileRef = 459E5C2A1F96647700AB28DE /* ReturnTypes.swift */; };
/* End PBXBuildFile section */

/* Begin PBXContainerItemProxy section */
		459E5C0E1F96497700AB28DE /* PBXContainerItemProxy */ = {
			isa = PBXContainerItemProxy;
			containerPortal = 459E5BFA1F96497700AB28DE /* Project object */;
			proxyType = 1;
			remoteGlobalIDString = 459E5C021F96497700AB28DE;
			remoteInfo = TMDBKit;
		};
/* End PBXContainerItemProxy section */

/* Begin PBXFileReference section */
		450D94621F96A6A5005E2227 /* Account.swift */ = {isa = PBXFileReference; lastKnownFileType = sourcecode.swift; path = Account.swift; sourceTree = "<group>"; };
		459E5C031F96497700AB28DE /* TMDBKit.framework */ = {isa = PBXFileReference; explicitFileType = wrapper.framework; includeInIndex = 0; path = TMDBKit.framework; sourceTree = BUILT_PRODUCTS_DIR; };
		459E5C061F96497700AB28DE /* TMDBKit.h */ = {isa = PBXFileReference; lastKnownFileType = sourcecode.c.h; path = TMDBKit.h; sourceTree = "<group>"; };
		459E5C071F96497700AB28DE /* Info.plist */ = {isa = PBXFileReference; lastKnownFileType = text.plist.xml; path = Info.plist; sourceTree = "<group>"; };
		459E5C0C1F96497700AB28DE /* TMDBKitTests.xctest */ = {isa = PBXFileReference; explicitFileType = wrapper.cfbundle; includeInIndex = 0; path = TMDBKitTests.xctest; sourceTree = BUILT_PRODUCTS_DIR; };
		459E5C111F96497700AB28DE /* TMDBKitTests.swift */ = {isa = PBXFileReference; lastKnownFileType = sourcecode.swift; path = TMDBKitTests.swift; sourceTree = "<group>"; };
		459E5C131F96497700AB28DE /* Info.plist */ = {isa = PBXFileReference; lastKnownFileType = text.plist.xml; path = Info.plist; sourceTree = "<group>"; };
		459E5C1E1F96499200AB28DE /* TMDBManager.swift */ = {isa = PBXFileReference; lastKnownFileType = sourcecode.swift; path = TMDBManager.swift; sourceTree = "<group>"; };
		459E5C201F9649FF00AB28DE /* KeyChainManager.swift */ = {isa = PBXFileReference; lastKnownFileType = sourcecode.swift; path = KeyChainManager.swift; sourceTree = "<group>"; };
		459E5C231F96520300AB28DE /* Authentication.swift */ = {isa = PBXFileReference; lastKnownFileType = sourcecode.swift; path = Authentication.swift; sourceTree = "<group>"; };
		459E5C261F96541800AB28DE /* String+.swift */ = {isa = PBXFileReference; lastKnownFileType = sourcecode.swift; path = "String+.swift"; sourceTree = "<group>"; };
		459E5C281F96570600AB28DE /* SwiftyJSON.swift */ = {isa = PBXFileReference; lastKnownFileType = sourcecode.swift; path = SwiftyJSON.swift; sourceTree = "<group>"; };
		459E5C2A1F96647700AB28DE /* ReturnTypes.swift */ = {isa = PBXFileReference; lastKnownFileType = sourcecode.swift; path = ReturnTypes.swift; sourceTree = "<group>"; };
		459E5C2C1F96742C00AB28DE /* README.md */ = {isa = PBXFileReference; lastKnownFileType = net.daringfireball.markdown; path = README.md; sourceTree = "<group>"; };
/* End PBXFileReference section */

/* Begin PBXFrameworksBuildPhase section */
		459E5BFF1F96497700AB28DE /* Frameworks */ = {
			isa = PBXFrameworksBuildPhase;
			buildActionMask = 2147483647;
			files = (
			);
			runOnlyForDeploymentPostprocessing = 0;
		};
		459E5C091F96497700AB28DE /* Frameworks */ = {
			isa = PBXFrameworksBuildPhase;
			buildActionMask = 2147483647;
			files = (
				459E5C0D1F96497700AB28DE /* TMDBKit.framework in Frameworks */,
			);
			runOnlyForDeploymentPostprocessing = 0;
		};
/* End PBXFrameworksBuildPhase section */

/* Begin PBXGroup section */
		459E5BF91F96497700AB28DE = {
			isa = PBXGroup;
			children = (
				459E5C2C1F96742C00AB28DE /* README.md */,
				459E5C1D1F96497E00AB28DE /* Common */,
				459E5C051F96497700AB28DE /* TMDBKit */,
				459E5C101F96497700AB28DE /* TMDBKitTests */,
				459E5C041F96497700AB28DE /* Products */,
			);
			sourceTree = "<group>";
		};
		459E5C041F96497700AB28DE /* Products */ = {
			isa = PBXGroup;
			children = (
				459E5C031F96497700AB28DE /* TMDBKit.framework */,
				459E5C0C1F96497700AB28DE /* TMDBKitTests.xctest */,
			);
			name = Products;
			sourceTree = "<group>";
		};
		459E5C051F96497700AB28DE /* TMDBKit */ = {
			isa = PBXGroup;
			children = (
				459E5C061F96497700AB28DE /* TMDBKit.h */,
				459E5C071F96497700AB28DE /* Info.plist */,
			);
			path = TMDBKit;
			sourceTree = "<group>";
		};
		459E5C101F96497700AB28DE /* TMDBKitTests */ = {
			isa = PBXGroup;
			children = (
				459E5C111F96497700AB28DE /* TMDBKitTests.swift */,
				459E5C131F96497700AB28DE /* Info.plist */,
			);
			path = TMDBKitTests;
			sourceTree = "<group>";
		};
		459E5C1D1F96497E00AB28DE /* Common */ = {
			isa = PBXGroup;
			children = (
				459E5C281F96570600AB28DE /* SwiftyJSON.swift */,
				459E5C251F96540E00AB28DE /* Extensions */,
				459E5C221F9651D200AB28DE /* Wapper */,
				459E5C1E1F96499200AB28DE /* TMDBManager.swift */,
				459E5C201F9649FF00AB28DE /* KeyChainManager.swift */,
				459E5C2A1F96647700AB28DE /* ReturnTypes.swift */,
			);
			path = Common;
			sourceTree = "<group>";
		};
		459E5C221F9651D200AB28DE /* Wapper */ = {
			isa = PBXGroup;
			children = (
				459E5C231F96520300AB28DE /* Authentication.swift */,
				450D94621F96A6A5005E2227 /* Account.swift */,
			);
			path = Wapper;
			sourceTree = "<group>";
		};
		459E5C251F96540E00AB28DE /* Extensions */ = {
			isa = PBXGroup;
			children = (
				459E5C261F96541800AB28DE /* String+.swift */,
			);
			path = Extensions;
			sourceTree = "<group>";
		};
/* End PBXGroup section */

/* Begin PBXHeadersBuildPhase section */
		459E5C001F96497700AB28DE /* Headers */ = {
			isa = PBXHeadersBuildPhase;
			buildActionMask = 2147483647;
			files = (
				459E5C141F96497700AB28DE /* TMDBKit.h in Headers */,
			);
			runOnlyForDeploymentPostprocessing = 0;
		};
/* End PBXHeadersBuildPhase section */

/* Begin PBXNativeTarget section */
		459E5C021F96497700AB28DE /* TMDBKit */ = {
			isa = PBXNativeTarget;
			buildConfigurationList = 459E5C171F96497700AB28DE /* Build configuration list for PBXNativeTarget "TMDBKit" */;
			buildPhases = (
				459E5BFE1F96497700AB28DE /* Sources */,
				459E5BFF1F96497700AB28DE /* Frameworks */,
				459E5C001F96497700AB28DE /* Headers */,
				459E5C011F96497700AB28DE /* Resources */,
			);
			buildRules = (
			);
			dependencies = (
			);
			name = TMDBKit;
			productName = TMDBKit;
			productReference = 459E5C031F96497700AB28DE /* TMDBKit.framework */;
			productType = "com.apple.product-type.framework";
		};
		459E5C0B1F96497700AB28DE /* TMDBKitTests */ = {
			isa = PBXNativeTarget;
			buildConfigurationList = 459E5C1A1F96497700AB28DE /* Build configuration list for PBXNativeTarget "TMDBKitTests" */;
			buildPhases = (
				459E5C081F96497700AB28DE /* Sources */,
				459E5C091F96497700AB28DE /* Frameworks */,
				459E5C0A1F96497700AB28DE /* Resources */,
			);
			buildRules = (
			);
			dependencies = (
				459E5C0F1F96497700AB28DE /* PBXTargetDependency */,
			);
			name = TMDBKitTests;
			productName = TMDBKitTests;
			productReference = 459E5C0C1F96497700AB28DE /* TMDBKitTests.xctest */;
			productType = "com.apple.product-type.bundle.unit-test";
		};
/* End PBXNativeTarget section */

/* Begin PBXProject section */
		459E5BFA1F96497700AB28DE /* Project object */ = {
			isa = PBXProject;
			attributes = {
				LastSwiftUpdateCheck = 0900;
				LastUpgradeCheck = 0900;
				ORGANIZATIONNAME = "Siyuan Cao";
				TargetAttributes = {
					459E5C021F96497700AB28DE = {
						CreatedOnToolsVersion = 9.0;
						LastSwiftMigration = 0900;
						ProvisioningStyle = Automatic;
					};
					459E5C0B1F96497700AB28DE = {
						CreatedOnToolsVersion = 9.0;
						ProvisioningStyle = Automatic;
					};
				};
			};
			buildConfigurationList = 459E5BFD1F96497700AB28DE /* Build configuration list for PBXProject "TMDBKit" */;
			compatibilityVersion = "Xcode 8.0";
			developmentRegion = en;
			hasScannedForEncodings = 0;
			knownRegions = (
				en,
			);
			mainGroup = 459E5BF91F96497700AB28DE;
			productRefGroup = 459E5C041F96497700AB28DE /* Products */;
			projectDirPath = "";
			projectRoot = "";
			targets = (
				459E5C021F96497700AB28DE /* TMDBKit */,
				459E5C0B1F96497700AB28DE /* TMDBKitTests */,
			);
		};
/* End PBXProject section */

/* Begin PBXResourcesBuildPhase section */
		459E5C011F96497700AB28DE /* Resources */ = {
			isa = PBXResourcesBuildPhase;
			buildActionMask = 2147483647;
			files = (
			);
			runOnlyForDeploymentPostprocessing = 0;
		};
		459E5C0A1F96497700AB28DE /* Resources */ = {
			isa = PBXResourcesBuildPhase;
			buildActionMask = 2147483647;
			files = (
			);
			runOnlyForDeploymentPostprocessing = 0;
		};
/* End PBXResourcesBuildPhase section */

/* Begin PBXSourcesBuildPhase section */
		459E5BFE1F96497700AB28DE /* Sources */ = {
			isa = PBXSourcesBuildPhase;
			buildActionMask = 2147483647;
			files = (
				459E5C1F1F96499200AB28DE /* TMDBManager.swift in Sources */,
				459E5C2B1F96647700AB28DE /* ReturnTypes.swift in Sources */,
				459E5C211F9649FF00AB28DE /* KeyChainManager.swift in Sources */,
				459E5C271F96541800AB28DE /* String+.swift in Sources */,
				459E5C291F96570600AB28DE /* SwiftyJSON.swift in Sources */,
				459E5C241F96520300AB28DE /* Authentication.swift in Sources */,
				450D94631F96A6A5005E2227 /* Account.swift in Sources */,
			);
			runOnlyForDeploymentPostprocessing = 0;
		};
		459E5C081F96497700AB28DE /* Sources */ = {
			isa = PBXSourcesBuildPhase;
			buildActionMask = 2147483647;
			files = (
				459E5C121F96497700AB28DE /* TMDBKitTests.swift in Sources */,
			);
			runOnlyForDeploymentPostprocessing = 0;
		};
/* End PBXSourcesBuildPhase section */

/* Begin PBXTargetDependency section */
		459E5C0F1F96497700AB28DE /* PBXTargetDependency */ = {
			isa = PBXTargetDependency;
			target = 459E5C021F96497700AB28DE /* TMDBKit */;
			targetProxy = 459E5C0E1F96497700AB28DE /* PBXContainerItemProxy */;
		};
/* End PBXTargetDependency section */

/* Begin XCBuildConfiguration section */
		459E5C151F96497700AB28DE /* Debug */ = {
			isa = XCBuildConfiguration;
			buildSettings = {
				ALWAYS_SEARCH_USER_PATHS = NO;
				CLANG_ANALYZER_NONNULL = YES;
				CLANG_ANALYZER_NUMBER_OBJECT_CONVERSION = YES_AGGRESSIVE;
				CLANG_CXX_LANGUAGE_STANDARD = "gnu++14";
				CLANG_CXX_LIBRARY = "libc++";
				CLANG_ENABLE_MODULES = YES;
				CLANG_ENABLE_OBJC_ARC = YES;
				CLANG_WARN_BLOCK_CAPTURE_AUTORELEASING = YES;
				CLANG_WARN_BOOL_CONVERSION = YES;
				CLANG_WARN_COMMA = YES;
				CLANG_WARN_CONSTANT_CONVERSION = YES;
				CLANG_WARN_DIRECT_OBJC_ISA_USAGE = YES_ERROR;
				CLANG_WARN_DOCUMENTATION_COMMENTS = YES;
				CLANG_WARN_EMPTY_BODY = YES;
				CLANG_WARN_ENUM_CONVERSION = YES;
				CLANG_WARN_INFINITE_RECURSION = YES;
				CLANG_WARN_INT_CONVERSION = YES;
				CLANG_WARN_NON_LITERAL_NULL_CONVERSION = YES;
				CLANG_WARN_OBJC_LITERAL_CONVERSION = YES;
				CLANG_WARN_OBJC_ROOT_CLASS = YES_ERROR;
				CLANG_WARN_RANGE_LOOP_ANALYSIS = YES;
				CLANG_WARN_STRICT_PROTOTYPES = YES;
				CLANG_WARN_SUSPICIOUS_MOVE = YES;
				CLANG_WARN_UNGUARDED_AVAILABILITY = YES_AGGRESSIVE;
				CLANG_WARN_UNREACHABLE_CODE = YES;
				CLANG_WARN__DUPLICATE_METHOD_MATCH = YES;
				CODE_SIGN_IDENTITY = "iPhone Developer";
				COPY_PHASE_STRIP = NO;
				CURRENT_PROJECT_VERSION = 1;
				DEBUG_INFORMATION_FORMAT = dwarf;
				ENABLE_STRICT_OBJC_MSGSEND = YES;
				ENABLE_TESTABILITY = YES;
				GCC_C_LANGUAGE_STANDARD = gnu11;
				GCC_DYNAMIC_NO_PIC = NO;
				GCC_NO_COMMON_BLOCKS = YES;
				GCC_OPTIMIZATION_LEVEL = 0;
				GCC_PREPROCESSOR_DEFINITIONS = (
					"DEBUG=1",
					"$(inherited)",
				);
				GCC_WARN_64_TO_32_BIT_CONVERSION = YES;
				GCC_WARN_ABOUT_RETURN_TYPE = YES_ERROR;
				GCC_WARN_UNDECLARED_SELECTOR = YES;
				GCC_WARN_UNINITIALIZED_AUTOS = YES_AGGRESSIVE;
				GCC_WARN_UNUSED_FUNCTION = YES;
				GCC_WARN_UNUSED_VARIABLE = YES;
				IPHONEOS_DEPLOYMENT_TARGET = 11.0;
				MTL_ENABLE_DEBUG_INFO = YES;
				ONLY_ACTIVE_ARCH = YES;
				SDKROOT = iphoneos;
				SWIFT_ACTIVE_COMPILATION_CONDITIONS = DEBUG;
				SWIFT_OPTIMIZATION_LEVEL = "-Onone";
				VERSIONING_SYSTEM = "apple-generic";
				VERSION_INFO_PREFIX = "";
			};
			name = Debug;
		};
		459E5C161F96497700AB28DE /* Release */ = {
			isa = XCBuildConfiguration;
			buildSettings = {
				ALWAYS_SEARCH_USER_PATHS = NO;
				CLANG_ANALYZER_NONNULL = YES;
				CLANG_ANALYZER_NUMBER_OBJECT_CONVERSION = YES_AGGRESSIVE;
				CLANG_CXX_LANGUAGE_STANDARD = "gnu++14";
				CLANG_CXX_LIBRARY = "libc++";
				CLANG_ENABLE_MODULES = YES;
				CLANG_ENABLE_OBJC_ARC = YES;
				CLANG_WARN_BLOCK_CAPTURE_AUTORELEASING = YES;
				CLANG_WARN_BOOL_CONVERSION = YES;
				CLANG_WARN_COMMA = YES;
				CLANG_WARN_CONSTANT_CONVERSION = YES;
				CLANG_WARN_DIRECT_OBJC_ISA_USAGE = YES_ERROR;
				CLANG_WARN_DOCUMENTATION_COMMENTS = YES;
				CLANG_WARN_EMPTY_BODY = YES;
				CLANG_WARN_ENUM_CONVERSION = YES;
				CLANG_WARN_INFINITE_RECURSION = YES;
				CLANG_WARN_INT_CONVERSION = YES;
				CLANG_WARN_NON_LITERAL_NULL_CONVERSION = YES;
				CLANG_WARN_OBJC_LITERAL_CONVERSION = YES;
				CLANG_WARN_OBJC_ROOT_CLASS = YES_ERROR;
				CLANG_WARN_RANGE_LOOP_ANALYSIS = YES;
				CLANG_WARN_STRICT_PROTOTYPES = YES;
				CLANG_WARN_SUSPICIOUS_MOVE = YES;
				CLANG_WARN_UNGUARDED_AVAILABILITY = YES_AGGRESSIVE;
				CLANG_WARN_UNREACHABLE_CODE = YES;
				CLANG_WARN__DUPLICATE_METHOD_MATCH = YES;
				CODE_SIGN_IDENTITY = "iPhone Developer";
				COPY_PHASE_STRIP = NO;
				CURRENT_PROJECT_VERSION = 1;
				DEBUG_INFORMATION_FORMAT = "dwarf-with-dsym";
				ENABLE_NS_ASSERTIONS = NO;
				ENABLE_STRICT_OBJC_MSGSEND = YES;
				GCC_C_LANGUAGE_STANDARD = gnu11;
				GCC_NO_COMMON_BLOCKS = YES;
				GCC_WARN_64_TO_32_BIT_CONVERSION = YES;
				GCC_WARN_ABOUT_RETURN_TYPE = YES_ERROR;
				GCC_WARN_UNDECLARED_SELECTOR = YES;
				GCC_WARN_UNINITIALIZED_AUTOS = YES_AGGRESSIVE;
				GCC_WARN_UNUSED_FUNCTION = YES;
				GCC_WARN_UNUSED_VARIABLE = YES;
				IPHONEOS_DEPLOYMENT_TARGET = 11.0;
				MTL_ENABLE_DEBUG_INFO = NO;
				SDKROOT = iphoneos;
				SWIFT_OPTIMIZATION_LEVEL = "-Owholemodule";
				VALIDATE_PRODUCT = YES;
				VERSIONING_SYSTEM = "apple-generic";
				VERSION_INFO_PREFIX = "";
			};
			name = Release;
		};
		459E5C181F96497700AB28DE /* Debug */ = {
			isa = XCBuildConfiguration;
			buildSettings = {
				CLANG_ENABLE_MODULES = YES;
				CODE_SIGN_IDENTITY = "";
				CODE_SIGN_STYLE = Automatic;
				DEFINES_MODULE = YES;
				DEVELOPMENT_TEAM = E479487U55;
				DYLIB_COMPATIBILITY_VERSION = 1;
				DYLIB_CURRENT_VERSION = 1;
				DYLIB_INSTALL_NAME_BASE = "@rpath";
				INFOPLIST_FILE = TMDBKit/Info.plist;
				INSTALL_PATH = "$(LOCAL_LIBRARY_DIR)/Frameworks";
				LD_RUNPATH_SEARCH_PATHS = "$(inherited) @executable_path/Frameworks @loader_path/Frameworks";
				PRODUCT_BUNDLE_IDENTIFIER = im.sr2k.TMDBKit;
				PRODUCT_NAME = "$(TARGET_NAME:c99extidentifier)";
				SKIP_INSTALL = YES;
				SWIFT_OPTIMIZATION_LEVEL = "-Onone";
				SWIFT_VERSION = 4.0;
				TARGETED_DEVICE_FAMILY = "1,2";
			};
			name = Debug;
		};
		459E5C191F96497700AB28DE /* Release */ = {
			isa = XCBuildConfiguration;
			buildSettings = {
				CLANG_ENABLE_MODULES = YES;
				CODE_SIGN_IDENTITY = "";
				CODE_SIGN_STYLE = Automatic;
				DEFINES_MODULE = YES;
				DEVELOPMENT_TEAM = E479487U55;
				DYLIB_COMPATIBILITY_VERSION = 1;
				DYLIB_CURRENT_VERSION = 1;
				DYLIB_INSTALL_NAME_BASE = "@rpath";
				INFOPLIST_FILE = TMDBKit/Info.plist;
				INSTALL_PATH = "$(LOCAL_LIBRARY_DIR)/Frameworks";
				LD_RUNPATH_SEARCH_PATHS = "$(inherited) @executable_path/Frameworks @loader_path/Frameworks";
				PRODUCT_BUNDLE_IDENTIFIER = im.sr2k.TMDBKit;
				PRODUCT_NAME = "$(TARGET_NAME:c99extidentifier)";
				SKIP_INSTALL = YES;
				SWIFT_VERSION = 4.0;
				TARGETED_DEVICE_FAMILY = "1,2";
			};
			name = Release;
		};
		459E5C1B1F96497700AB28DE /* Debug */ = {
			isa = XCBuildConfiguration;
			buildSettings = {
				ALWAYS_EMBED_SWIFT_STANDARD_LIBRARIES = YES;
				CODE_SIGN_STYLE = Automatic;
				DEVELOPMENT_TEAM = E479487U55;
				INFOPLIST_FILE = TMDBKitTests/Info.plist;
				LD_RUNPATH_SEARCH_PATHS = "$(inherited) @executable_path/Frameworks @loader_path/Frameworks";
				PRODUCT_BUNDLE_IDENTIFIER = im.sr2k.TMDBKitTests;
				PRODUCT_NAME = "$(TARGET_NAME)";
				SWIFT_VERSION = 4.0;
				TARGETED_DEVICE_FAMILY = "1,2";
			};
			name = Debug;
		};
		459E5C1C1F96497700AB28DE /* Release */ = {
			isa = XCBuildConfiguration;
			buildSettings = {
				ALWAYS_EMBED_SWIFT_STANDARD_LIBRARIES = YES;
				CODE_SIGN_STYLE = Automatic;
				DEVELOPMENT_TEAM = E479487U55;
				INFOPLIST_FILE = TMDBKitTests/Info.plist;
				LD_RUNPATH_SEARCH_PATHS = "$(inherited) @executable_path/Frameworks @loader_path/Frameworks";
				PRODUCT_BUNDLE_IDENTIFIER = im.sr2k.TMDBKitTests;
				PRODUCT_NAME = "$(TARGET_NAME)";
				SWIFT_VERSION = 4.0;
				TARGETED_DEVICE_FAMILY = "1,2";
			};
			name = Release;
		};
/* End XCBuildConfiguration section */

/* Begin XCConfigurationList section */
		459E5BFD1F96497700AB28DE /* Build configuration list for PBXProject "TMDBKit" */ = {
			isa = XCConfigurationList;
			buildConfigurations = (
				459E5C151F96497700AB28DE /* Debug */,
				459E5C161F96497700AB28DE /* Release */,
			);
			defaultConfigurationIsVisible = 0;
			defaultConfigurationName = Release;
		};
		459E5C171F96497700AB28DE /* Build configuration list for PBXNativeTarget "TMDBKit" */ = {
			isa = XCConfigurationList;
			buildConfigurations = (
				459E5C181F96497700AB28DE /* Debug */,
				459E5C191F96497700AB28DE /* Release */,
			);
			defaultConfigurationIsVisible = 0;
			defaultConfigurationName = Release;
		};
		459E5C1A1F96497700AB28DE /* Build configuration list for PBXNativeTarget "TMDBKitTests" */ = {
			isa = XCConfigurationList;
			buildConfigurations = (
				459E5C1B1F96497700AB28DE /* Debug */,
				459E5C1C1F96497700AB28DE /* Release */,
			);
			defaultConfigurationIsVisible = 0;
			defaultConfigurationName = Release;
		};
/* End XCConfigurationList section */
	};
	rootObject = 459E5BFA1F96497700AB28DE /* Project object */;
}
